// !$*UTF8*$!
{
	archiveVersion = 1;
	classes = {
	};
	objectVersion = 48;
	objects = {

/* Begin PBXBuildFile section */
		8F12F5EA1FC709E100D65E9A /* UITableView+KIVDS.h in Headers */ = {isa = PBXBuildFile; fileRef = 8F12F5E81FC709E100D65E9A /* UITableView+KIVDS.h */; settings = {ATTRIBUTES = (Public, ); }; };
		8F12F5EB1FC709E100D65E9A /* UITableView+KIVDS.m in Sources */ = {isa = PBXBuildFile; fileRef = 8F12F5E91FC709E100D65E9A /* UITableView+KIVDS.m */; };
		8F839AA31FBDD4100014B1C6 /* Demo_TableView.m in Sources */ = {isa = PBXBuildFile; fileRef = 8F839AA21FBDD4100014B1C6 /* Demo_TableView.m */; };
		8F839AA41FBDD4100014B1C6 /* Demo_TableView.h in CopyFiles */ = {isa = PBXBuildFile; fileRef = 8F839AA11FBDD4100014B1C6 /* Demo_TableView.h */; };
		8F839ADC1FBDDB130014B1C6 /* KIVDSBaseRow.m in Sources */ = {isa = PBXBuildFile; fileRef = 8F839AD51FBDDB130014B1C6 /* KIVDSBaseRow.m */; };
		8F839ADD1FBDDB130014B1C6 /* KIVDSBaseSection.m in Sources */ = {isa = PBXBuildFile; fileRef = 8F839AD61FBDDB130014B1C6 /* KIVDSBaseSection.m */; };
		8F839ADE1FBDDB130014B1C6 /* KIVDSDataSource.m in Sources */ = {isa = PBXBuildFile; fileRef = 8F839AD71FBDDB130014B1C6 /* KIVDSDataSource.m */; };
		8F839B531FBDE1DD0014B1C6 /* KIVDSDataSource.h in Headers */ = {isa = PBXBuildFile; fileRef = 8F839AD31FBDDB130014B1C6 /* KIVDSDataSource.h */; settings = {ATTRIBUTES = (Public, ); }; };
		8F839B541FBDE1DD0014B1C6 /* KIVDSBaseRow.h in Headers */ = {isa = PBXBuildFile; fileRef = 8F839AD81FBDDB130014B1C6 /* KIVDSBaseRow.h */; settings = {ATTRIBUTES = (Public, ); }; };
		8F839B551FBDE1DD0014B1C6 /* KIVDSBaseSection.h in Headers */ = {isa = PBXBuildFile; fileRef = 8F839AD41FBDDB130014B1C6 /* KIVDSBaseSection.h */; settings = {ATTRIBUTES = (Public, ); }; };
		8F839B561FBDE1DD0014B1C6 /* KIVDSBaseTVCell.h in Headers */ = {isa = PBXBuildFile; fileRef = 8F839ADB1FBDDB130014B1C6 /* KIVDSBaseTVCell.h */; settings = {ATTRIBUTES = (Public, ); }; };
		8F839B571FBDE1DD0014B1C6 /* Demo_TableView.h in Headers */ = {isa = PBXBuildFile; fileRef = 8F839AA11FBDD4100014B1C6 /* Demo_TableView.h */; settings = {ATTRIBUTES = (Public, ); }; };
		8FC24FAC1FF2A3B200250E4F /* KIVDSBaseTVCell.m in Sources */ = {isa = PBXBuildFile; fileRef = 8F839ADA1FBDDB130014B1C6 /* KIVDSBaseTVCell.m */; };
/* End PBXBuildFile section */

/* Begin PBXCopyFilesBuildPhase section */
		8F839A9C1FBDD4100014B1C6 /* CopyFiles */ = {
			isa = PBXCopyFilesBuildPhase;
			buildActionMask = 2147483647;
			dstPath = "include/$(PRODUCT_NAME)";
			dstSubfolderSpec = 16;
			files = (
				8F839AA41FBDD4100014B1C6 /* Demo_TableView.h in CopyFiles */,
			);
			runOnlyForDeploymentPostprocessing = 0;
		};
/* End PBXCopyFilesBuildPhase section */

/* Begin PBXFileReference section */
		8F12F5E81FC709E100D65E9A /* UITableView+KIVDS.h */ = {isa = PBXFileReference; lastKnownFileType = sourcecode.c.h; path = "UITableView+KIVDS.h"; sourceTree = "<group>"; };
		8F12F5E91FC709E100D65E9A /* UITableView+KIVDS.m */ = {isa = PBXFileReference; lastKnownFileType = sourcecode.c.objc; path = "UITableView+KIVDS.m"; sourceTree = "<group>"; };
		8F839A9E1FBDD4100014B1C6 /* libDemo_TableView.a */ = {isa = PBXFileReference; explicitFileType = archive.ar; includeInIndex = 0; path = libDemo_TableView.a; sourceTree = BUILT_PRODUCTS_DIR; };
		8F839AA11FBDD4100014B1C6 /* Demo_TableView.h */ = {isa = PBXFileReference; lastKnownFileType = sourcecode.c.h; path = Demo_TableView.h; sourceTree = "<group>"; };
		8F839AA21FBDD4100014B1C6 /* Demo_TableView.m */ = {isa = PBXFileReference; lastKnownFileType = sourcecode.c.objc; path = Demo_TableView.m; sourceTree = "<group>"; };
		8F839AD31FBDDB130014B1C6 /* KIVDSDataSource.h */ = {isa = PBXFileReference; fileEncoding = 4; lastKnownFileType = sourcecode.c.h; path = KIVDSDataSource.h; sourceTree = "<group>"; };
		8F839AD41FBDDB130014B1C6 /* KIVDSBaseSection.h */ = {isa = PBXFileReference; fileEncoding = 4; lastKnownFileType = sourcecode.c.h; path = KIVDSBaseSection.h; sourceTree = "<group>"; };
		8F839AD51FBDDB130014B1C6 /* KIVDSBaseRow.m */ = {isa = PBXFileReference; fileEncoding = 4; lastKnownFileType = sourcecode.c.objc; path = KIVDSBaseRow.m; sourceTree = "<group>"; };
		8F839AD61FBDDB130014B1C6 /* KIVDSBaseSection.m */ = {isa = PBXFileReference; fileEncoding = 4; lastKnownFileType = sourcecode.c.objc; path = KIVDSBaseSection.m; sourceTree = "<group>"; };
		8F839AD71FBDDB130014B1C6 /* KIVDSDataSource.m */ = {isa = PBXFileReference; fileEncoding = 4; lastKnownFileType = sourcecode.c.objc; path = KIVDSDataSource.m; sourceTree = "<group>"; };
		8F839AD81FBDDB130014B1C6 /* KIVDSBaseRow.h */ = {isa = PBXFileReference; fileEncoding = 4; lastKnownFileType = sourcecode.c.h; path = KIVDSBaseRow.h; sourceTree = "<group>"; };
		8F839ADA1FBDDB130014B1C6 /* KIVDSBaseTVCell.m */ = {isa = PBXFileReference; fileEncoding = 4; lastKnownFileType = sourcecode.c.objc; path = KIVDSBaseTVCell.m; sourceTree = "<group>"; };
		8F839ADB1FBDDB130014B1C6 /* KIVDSBaseTVCell.h */ = {isa = PBXFileReference; fileEncoding = 4; lastKnownFileType = sourcecode.c.h; path = KIVDSBaseTVCell.h; sourceTree = "<group>"; };
/* End PBXFileReference section */

/* Begin PBXFrameworksBuildPhase section */
		8F839A9B1FBDD4100014B1C6 /* Frameworks */ = {
			isa = PBXFrameworksBuildPhase;
			buildActionMask = 2147483647;
			files = (
			);
			runOnlyForDeploymentPostprocessing = 0;
		};
/* End PBXFrameworksBuildPhase section */

/* Begin PBXGroup section */
		8F839A951FBDD4100014B1C6 = {
			isa = PBXGroup;
			children = (
				8F839AA01FBDD4100014B1C6 /* Demo_TableView */,
				8F839A9F1FBDD4100014B1C6 /* Products */,
			);
			sourceTree = "<group>";
		};
		8F839A9F1FBDD4100014B1C6 /* Products */ = {
			isa = PBXGroup;
			children = (
				8F839A9E1FBDD4100014B1C6 /* libDemo_TableView.a */,
			);
			name = Products;
			sourceTree = "<group>";
		};
		8F839AA01FBDD4100014B1C6 /* Demo_TableView */ = {
			isa = PBXGroup;
			children = (
				8F839AD21FBDDB130014B1C6 /* bodyDataSource */,
				8F839AA11FBDD4100014B1C6 /* Demo_TableView.h */,
				8F839AA21FBDD4100014B1C6 /* Demo_TableView.m */,
			);
			path = Demo_TableView;
			sourceTree = "<group>";
		};
		8F839AD21FBDDB130014B1C6 /* bodyDataSource */ = {
			isa = PBXGroup;
			children = (
				8F839AD31FBDDB130014B1C6 /* KIVDSDataSource.h */,
				8F839AD71FBDDB130014B1C6 /* KIVDSDataSource.m */,
				8F839AD81FBDDB130014B1C6 /* KIVDSBaseRow.h */,
				8F839AD51FBDDB130014B1C6 /* KIVDSBaseRow.m */,
				8F839AD41FBDDB130014B1C6 /* KIVDSBaseSection.h */,
				8F839AD61FBDDB130014B1C6 /* KIVDSBaseSection.m */,
				8F839ADB1FBDDB130014B1C6 /* KIVDSBaseTVCell.h */,
				8F839ADA1FBDDB130014B1C6 /* KIVDSBaseTVCell.m */,
				8F12F5E81FC709E100D65E9A /* UITableView+KIVDS.h */,
				8F12F5E91FC709E100D65E9A /* UITableView+KIVDS.m */,
			);
			path = bodyDataSource;
			sourceTree = "<group>";
		};
/* End PBXGroup section */

/* Begin PBXHeadersBuildPhase section */
		8F839B521FBDE1D10014B1C6 /* Headers */ = {
			isa = PBXHeadersBuildPhase;
			buildActionMask = 2147483647;
			files = (
				8F839B531FBDE1DD0014B1C6 /* KIVDSDataSource.h in Headers */,
				8F839B541FBDE1DD0014B1C6 /* KIVDSBaseRow.h in Headers */,
				8F12F5EA1FC709E100D65E9A /* UITableView+KIVDS.h in Headers */,
				8F839B551FBDE1DD0014B1C6 /* KIVDSBaseSection.h in Headers */,
				8F839B561FBDE1DD0014B1C6 /* KIVDSBaseTVCell.h in Headers */,
				8F839B571FBDE1DD0014B1C6 /* Demo_TableView.h in Headers */,
			);
			runOnlyForDeploymentPostprocessing = 0;
		};
/* End PBXHeadersBuildPhase section */

/* Begin PBXNativeTarget section */
		8F839A9D1FBDD4100014B1C6 /* Demo_TableView */ = {
			isa = PBXNativeTarget;
			buildConfigurationList = 8F839AA71FBDD4100014B1C6 /* Build configuration list for PBXNativeTarget "Demo_TableView" */;
			buildPhases = (
				8F839A9A1FBDD4100014B1C6 /* Sources */,
				8F839A9B1FBDD4100014B1C6 /* Frameworks */,
				8F839A9C1FBDD4100014B1C6 /* CopyFiles */,
				8F839B521FBDE1D10014B1C6 /* Headers */,
			);
			buildRules = (
			);
			dependencies = (
			);
			name = Demo_TableView;
			productName = Demo_TableView;
			productReference = 8F839A9E1FBDD4100014B1C6 /* libDemo_TableView.a */;
			productType = "com.apple.product-type.library.static";
		};
/* End PBXNativeTarget section */

/* Begin PBXProject section */
		8F839A961FBDD4100014B1C6 /* Project object */ = {
			isa = PBXProject;
			attributes = {
				LastUpgradeCheck = 0910;
				ORGANIZATIONNAME = kivan;
				TargetAttributes = {
					8F839A9D1FBDD4100014B1C6 = {
						CreatedOnToolsVersion = 9.1;
						ProvisioningStyle = Automatic;
					};
				};
			};
			buildConfigurationList = 8F839A991FBDD4100014B1C6 /* Build configuration list for PBXProject "Demo_TableView" */;
			compatibilityVersion = "Xcode 8.0";
			developmentRegion = en;
			hasScannedForEncodings = 0;
			knownRegions = (
				en,
			);
			mainGroup = 8F839A951FBDD4100014B1C6;
			productRefGroup = 8F839A9F1FBDD4100014B1C6 /* Products */;
			projectDirPath = "";
			projectRoot = "";
			targets = (
				8F839A9D1FBDD4100014B1C6 /* Demo_TableView */,
			);
		};
/* End PBXProject section */

/* Begin PBXSourcesBuildPhase section */
		8F839A9A1FBDD4100014B1C6 /* Sources */ = {
			isa = PBXSourcesBuildPhase;
			buildActionMask = 2147483647;
			files = (
				8FC24FAC1FF2A3B200250E4F /* KIVDSBaseTVCell.m in Sources */,
				8F839ADD1FBDDB130014B1C6 /* KIVDSBaseSection.m in Sources */,
				8F839ADC1FBDDB130014B1C6 /* KIVDSBaseRow.m in Sources */,
				8F12F5EB1FC709E100D65E9A /* UITableView+KIVDS.m in Sources */,
				8F839ADE1FBDDB130014B1C6 /* KIVDSDataSource.m in Sources */,
				8F839AA31FBDD4100014B1C6 /* Demo_TableView.m in Sources */,
			);
			runOnlyForDeploymentPostprocessing = 0;
		};
/* End PBXSourcesBuildPhase section */

/* Begin XCBuildConfiguration section */
		8F839AA51FBDD4100014B1C6 /* Debug */ = {
			isa = XCBuildConfiguration;
			buildSettings = {
				ALWAYS_SEARCH_USER_PATHS = NO;
				CLANG_ANALYZER_NONNULL = YES;
				CLANG_ANALYZER_NUMBER_OBJECT_CONVERSION = YES_AGGRESSIVE;
				CLANG_CXX_LANGUAGE_STANDARD = "gnu++14";
				CLANG_CXX_LIBRARY = "libc++";
				CLANG_ENABLE_MODULES = YES;
				CLANG_ENABLE_OBJC_ARC = YES;
				CLANG_WARN_BLOCK_CAPTURE_AUTORELEASING = YES;
				CLANG_WARN_BOOL_CONVERSION = YES;
				CLANG_WARN_COMMA = YES;
				CLANG_WARN_CONSTANT_CONVERSION = YES;
				CLANG_WARN_DIRECT_OBJC_ISA_USAGE = YES_ERROR;
				CLANG_WARN_DOCUMENTATION_COMMENTS = YES;
				CLANG_WARN_EMPTY_BODY = YES;
				CLANG_WARN_ENUM_CONVERSION = YES;
				CLANG_WARN_INFINITE_RECURSION = YES;
				CLANG_WARN_INT_CONVERSION = YES;
				CLANG_WARN_NON_LITERAL_NULL_CONVERSION = YES;
				CLANG_WARN_OBJC_LITERAL_CONVERSION = YES;
				CLANG_WARN_OBJC_ROOT_CLASS = YES_ERROR;
				CLANG_WARN_RANGE_LOOP_ANALYSIS = YES;
				CLANG_WARN_STRICT_PROTOTYPES = YES;
				CLANG_WARN_SUSPICIOUS_MOVE = YES;
				CLANG_WARN_UNGUARDED_AVAILABILITY = YES_AGGRESSIVE;
				CLANG_WARN_UNREACHABLE_CODE = YES;
				CLANG_WARN__DUPLICATE_METHOD_MATCH = YES;
				CODE_SIGN_IDENTITY = "iPhone Developer";
				COPY_PHASE_STRIP = NO;
				DEBUG_INFORMATION_FORMAT = dwarf;
				ENABLE_STRICT_OBJC_MSGSEND = YES;
				ENABLE_TESTABILITY = YES;
				GCC_C_LANGUAGE_STANDARD = gnu11;
				GCC_DYNAMIC_NO_PIC = NO;
				GCC_NO_COMMON_BLOCKS = YES;
				GCC_OPTIMIZATION_LEVEL = 0;
				GCC_PREPROCESSOR_DEFINITIONS = (
					"DEBUG=1",
					"$(inherited)",
				);
				GCC_WARN_64_TO_32_BIT_CONVERSION = YES;
				GCC_WARN_ABOUT_RETURN_TYPE = YES_ERROR;
				GCC_WARN_UNDECLARED_SELECTOR = YES;
				GCC_WARN_UNINITIALIZED_AUTOS = YES_AGGRESSIVE;
				GCC_WARN_UNUSED_FUNCTION = YES;
				GCC_WARN_UNUSED_VARIABLE = YES;
				IPHONEOS_DEPLOYMENT_TARGET = 11.1;
				MTL_ENABLE_DEBUG_INFO = YES;
				ONLY_ACTIVE_ARCH = YES;
				SDKROOT = iphoneos;
			};
			name = Debug;
		};
		8F839AA61FBDD4100014B1C6 /* Release */ = {
			isa = XCBuildConfiguration;
			buildSettings = {
				ALWAYS_SEARCH_USER_PATHS = NO;
				CLANG_ANALYZER_NONNULL = YES;
				CLANG_ANALYZER_NUMBER_OBJECT_CONVERSION = YES_AGGRESSIVE;
				CLANG_CXX_LANGUAGE_STANDARD = "gnu++14";
				CLANG_CXX_LIBRARY = "libc++";
				CLANG_ENABLE_MODULES = YES;
				CLANG_ENABLE_OBJC_ARC = YES;
				CLANG_WARN_BLOCK_CAPTURE_AUTORELEASING = YES;
				CLANG_WARN_BOOL_CONVERSION = YES;
				CLANG_WARN_COMMA = YES;
				CLANG_WARN_CONSTANT_CONVERSION = YES;
				CLANG_WARN_DIRECT_OBJC_ISA_USAGE = YES_ERROR;
				CLANG_WARN_DOCUMENTATION_COMMENTS = YES;
				CLANG_WARN_EMPTY_BODY = YES;
				CLANG_WARN_ENUM_CONVERSION = YES;
				CLANG_WARN_INFINITE_RECURSION = YES;
				CLANG_WARN_INT_CONVERSION = YES;
				CLANG_WARN_NON_LITERAL_NULL_CONVERSION = YES;
				CLANG_WARN_OBJC_LITERAL_CONVERSION = YES;
				CLANG_WARN_OBJC_ROOT_CLASS = YES_ERROR;
				CLANG_WARN_RANGE_LOOP_ANALYSIS = YES;
				CLANG_WARN_STRICT_PROTOTYPES = YES;
				CLANG_WARN_SUSPICIOUS_MOVE = YES;
				CLANG_WARN_UNGUARDED_AVAILABILITY = YES_AGGRESSIVE;
				CLANG_WARN_UNREACHABLE_CODE = YES;
				CLANG_WARN__DUPLICATE_METHOD_MATCH = YES;
				CODE_SIGN_IDENTITY = "iPhone Developer";
				COPY_PHASE_STRIP = NO;
				DEBUG_INFORMATION_FORMAT = "dwarf-with-dsym";
				ENABLE_NS_ASSERTIONS = NO;
				ENABLE_STRICT_OBJC_MSGSEND = YES;
				GCC_C_LANGUAGE_STANDARD = gnu11;
				GCC_NO_COMMON_BLOCKS = YES;
				GCC_WARN_64_TO_32_BIT_CONVERSION = YES;
				GCC_WARN_ABOUT_RETURN_TYPE = YES_ERROR;
				GCC_WARN_UNDECLARED_SELECTOR = YES;
				GCC_WARN_UNINITIALIZED_AUTOS = YES_AGGRESSIVE;
				GCC_WARN_UNUSED_FUNCTION = YES;
				GCC_WARN_UNUSED_VARIABLE = YES;
				IPHONEOS_DEPLOYMENT_TARGET = 11.1;
				MTL_ENABLE_DEBUG_INFO = NO;
				SDKROOT = iphoneos;
				VALIDATE_PRODUCT = YES;
			};
			name = Release;
		};
		8F839AA81FBDD4100014B1C6 /* Debug */ = {
			isa = XCBuildConfiguration;
			buildSettings = {
				CODE_SIGN_STYLE = Automatic;
				DEVELOPMENT_TEAM = WTFJP34N3T;
				HEADER_SEARCH_PATHS = (
					"$(SRCROOT)/../../Pods/Headers/**",
					"$(inherited)/**",
					"$(SRCROOT)/../Demo_libHeaders/Demo_libHeaders/**",
					"$(SRCROOT)/../Demo_Crash/Demo_Crash/**",
					"$(SRCROOT)/../Demo_Tools/Demo_Tools/**",
				);
				OTHER_LDFLAGS = "-ObjC";
				PRODUCT_NAME = "$(TARGET_NAME)";
				SKIP_INSTALL = YES;
				TARGETED_DEVICE_FAMILY = "1,2";
			};
			name = Debug;
		};
		8F839AA91FBDD4100014B1C6 /* Release */ = {
			isa = XCBuildConfiguration;
			buildSettings = {
				CODE_SIGN_STYLE = Automatic;
				DEVELOPMENT_TEAM = WTFJP34N3T;
				HEADER_SEARCH_PATHS = (
					"$(SRCROOT)/../../Pods/Headers/**",
					"$(inherited)/**",
					"$(SRCROOT)/../Demo_libHeaders/Demo_libHeaders/**",
					"$(SRCROOT)/../Demo_Crash/Demo_Crash/**",
					"$(SRCROOT)/../Demo_Tools/Demo_Tools/**",
				);
				OTHER_LDFLAGS = "-ObjC";
				PRODUCT_NAME = "$(TARGET_NAME)";
				SKIP_INSTALL = YES;
				TARGETED_DEVICE_FAMILY = "1,2";
			};
			name = Release;
		};
/* End XCBuildConfiguration section */

/* Begin XCConfigurationList section */
		8F839A991FBDD4100014B1C6 /* Build configuration list for PBXProject "Demo_TableView" */ = {
			isa = XCConfigurationList;
			buildConfigurations = (
				8F839AA51FBDD4100014B1C6 /* Debug */,
				8F839AA61FBDD4100014B1C6 /* Release */,
			);
			defaultConfigurationIsVisible = 0;
			defaultConfigurationName = Release;
		};
		8F839AA71FBDD4100014B1C6 /* Build configuration list for PBXNativeTarget "Demo_TableView" */ = {
			isa = XCConfigurationList;
			buildConfigurations = (
				8F839AA81FBDD4100014B1C6 /* Debug */,
				8F839AA91FBDD4100014B1C6 /* Release */,
			);
			defaultConfigurationIsVisible = 0;
			defaultConfigurationName = Release;
		};
/* End XCConfigurationList section */
	};
	rootObject = 8F839A961FBDD4100014B1C6 /* Project object */;
}
