// !$*UTF8*$!
{
	archiveVersion = 1;
	classes = {
	};
	objectVersion = 48;
	objects = {

/* Begin PBXBuildFile section */
		B770E7701FFE7492003D78F3 /* KIVRouterTransitionManager.h in Headers */ = {isa = PBXBuildFile; fileRef = B770E76E1FFE7492003D78F3 /* KIVRouterTransitionManager.h */; };
		B770E7711FFE7492003D78F3 /* KIVRouterTransitionManager.m in Sources */ = {isa = PBXBuildFile; fileRef = B770E76F1FFE7492003D78F3 /* KIVRouterTransitionManager.m */; };
		B7FB6EB31FFB4F11003A72F2 /* KIVDispatchCenter.h in Headers */ = {isa = PBXBuildFile; fileRef = B7FB6EB11FFB4F11003A72F2 /* KIVDispatchCenter.h */; };
		B7FB6EC61FFB4FE9003A72F2 /* SAMDarkClubDataPickPC.h in Headers */ = {isa = PBXBuildFile; fileRef = B7FB6EBD1FFB4FE7003A72F2 /* SAMDarkClubDataPickPC.h */; };
		B7FB6EC71FFB4FE9003A72F2 /* KIVVCTransition.h in Headers */ = {isa = PBXBuildFile; fileRef = B7FB6EBE1FFB4FE8003A72F2 /* KIVVCTransition.h */; };
		B7FB6EC81FFB4FE9003A72F2 /* KIVAnimateTransitioning.h in Headers */ = {isa = PBXBuildFile; fileRef = B7FB6EBF1FFB4FE8003A72F2 /* KIVAnimateTransitioning.h */; };
		B7FB6EC91FFB4FE9003A72F2 /* KIVVCTransition.m in Sources */ = {isa = PBXBuildFile; fileRef = B7FB6EC01FFB4FE8003A72F2 /* KIVVCTransition.m */; };
		B7FB6ECB1FFB4FE9003A72F2 /* KIVAnimator.m in Sources */ = {isa = PBXBuildFile; fileRef = B7FB6EC21FFB4FE8003A72F2 /* KIVAnimator.m */; };
		B7FB6ECC1FFB4FE9003A72F2 /* SAMDarkClubDataPickPC.m in Sources */ = {isa = PBXBuildFile; fileRef = B7FB6EC31FFB4FE8003A72F2 /* SAMDarkClubDataPickPC.m */; };
		B7FB6ECD1FFB4FE9003A72F2 /* KIVAnimator.h in Headers */ = {isa = PBXBuildFile; fileRef = B7FB6EC41FFB4FE8003A72F2 /* KIVAnimator.h */; };
		B7FB6ED51FFB4FFA003A72F2 /* AnimatorPopping.h in Headers */ = {isa = PBXBuildFile; fileRef = B7FB6ECF1FFB4FF9003A72F2 /* AnimatorPopping.h */; };
		B7FB6ED61FFB4FFA003A72F2 /* AnimatorSpring.h in Headers */ = {isa = PBXBuildFile; fileRef = B7FB6ED01FFB4FFA003A72F2 /* AnimatorSpring.h */; };
		B7FB6ED71FFB4FFA003A72F2 /* AnimatorUpAndDown.h in Headers */ = {isa = PBXBuildFile; fileRef = B7FB6ED11FFB4FFA003A72F2 /* AnimatorUpAndDown.h */; };
		B7FB6ED81FFB4FFA003A72F2 /* AnimatorSpring.m in Sources */ = {isa = PBXBuildFile; fileRef = B7FB6ED21FFB4FFA003A72F2 /* AnimatorSpring.m */; };
		B7FB6ED91FFB4FFA003A72F2 /* AnimatorUpAndDown.m in Sources */ = {isa = PBXBuildFile; fileRef = B7FB6ED31FFB4FFA003A72F2 /* AnimatorUpAndDown.m */; };
		B7FB6EDA1FFB4FFA003A72F2 /* AnimatorPopping.m in Sources */ = {isa = PBXBuildFile; fileRef = B7FB6ED41FFB4FFA003A72F2 /* AnimatorPopping.m */; };
		B7FB6EE31FFB520D003A72F2 /* AppDelegate.m in Sources */ = {isa = PBXBuildFile; fileRef = B7FB6EE21FFB520D003A72F2 /* AppDelegate.m */; };
		B7FB6EE61FFB520D003A72F2 /* ViewController.m in Sources */ = {isa = PBXBuildFile; fileRef = B7FB6EE51FFB520D003A72F2 /* ViewController.m */; };
		B7FB6EE91FFB520D003A72F2 /* Main.storyboard in Resources */ = {isa = PBXBuildFile; fileRef = B7FB6EE71FFB520D003A72F2 /* Main.storyboard */; };
		B7FB6EEB1FFB520D003A72F2 /* Assets.xcassets in Resources */ = {isa = PBXBuildFile; fileRef = B7FB6EEA1FFB520D003A72F2 /* Assets.xcassets */; };
		B7FB6EEE1FFB520D003A72F2 /* LaunchScreen.storyboard in Resources */ = {isa = PBXBuildFile; fileRef = B7FB6EEC1FFB520D003A72F2 /* LaunchScreen.storyboard */; };
		B7FB6EF11FFB520D003A72F2 /* main.m in Sources */ = {isa = PBXBuildFile; fileRef = B7FB6EF01FFB520D003A72F2 /* main.m */; };
		B7FB6EF61FFB5223003A72F2 /* KIVDispatchCenter.framework in Frameworks */ = {isa = PBXBuildFile; fileRef = B7FB6EAE1FFB4F11003A72F2 /* KIVDispatchCenter.framework */; };
		B7FB6EFA1FFB55C0003A72F2 /* KIVRouter.h in Headers */ = {isa = PBXBuildFile; fileRef = B7FB6EF81FFB55C0003A72F2 /* KIVRouter.h */; };
		B7FB6EFB1FFB55C0003A72F2 /* KIVRouter.m in Sources */ = {isa = PBXBuildFile; fileRef = B7FB6EF91FFB55C0003A72F2 /* KIVRouter.m */; };
		B7FB6F0C1FFB5932003A72F2 /* VC1.m in Sources */ = {isa = PBXBuildFile; fileRef = B7FB6F0A1FFB5932003A72F2 /* VC1.m */; };
		B7FB6F0D1FFB5932003A72F2 /* VC1.xib in Resources */ = {isa = PBXBuildFile; fileRef = B7FB6F0B1FFB5932003A72F2 /* VC1.xib */; };
		B7FB6F101FFB66F5003A72F2 /* KIVRouterItem.h in Headers */ = {isa = PBXBuildFile; fileRef = B7FB6F0E1FFB66F5003A72F2 /* KIVRouterItem.h */; };
		B7FB6F111FFB66F5003A72F2 /* KIVRouterItem.m in Sources */ = {isa = PBXBuildFile; fileRef = B7FB6F0F1FFB66F5003A72F2 /* KIVRouterItem.m */; };
		B7FB6F141FFB693A003A72F2 /* VC2.m in Sources */ = {isa = PBXBuildFile; fileRef = B7FB6F131FFB693A003A72F2 /* VC2.m */; };
		B7FB6F161FFB7005003A72F2 /* KIVRouterModuleProtocol.h in Headers */ = {isa = PBXBuildFile; fileRef = B7FB6F151FFB7005003A72F2 /* KIVRouterModuleProtocol.h */; };
/* End PBXBuildFile section */

/* Begin PBXFileReference section */
		B770E76E1FFE7492003D78F3 /* KIVRouterTransitionManager.h */ = {isa = PBXFileReference; lastKnownFileType = sourcecode.c.h; path = KIVRouterTransitionManager.h; sourceTree = "<group>"; };
		B770E76F1FFE7492003D78F3 /* KIVRouterTransitionManager.m */ = {isa = PBXFileReference; lastKnownFileType = sourcecode.c.objc; path = KIVRouterTransitionManager.m; sourceTree = "<group>"; };
		B7FB6EAE1FFB4F11003A72F2 /* KIVDispatchCenter.framework */ = {isa = PBXFileReference; explicitFileType = wrapper.framework; includeInIndex = 0; path = KIVDispatchCenter.framework; sourceTree = BUILT_PRODUCTS_DIR; };
		B7FB6EB11FFB4F11003A72F2 /* KIVDispatchCenter.h */ = {isa = PBXFileReference; lastKnownFileType = sourcecode.c.h; path = KIVDispatchCenter.h; sourceTree = "<group>"; };
		B7FB6EB21FFB4F11003A72F2 /* Info.plist */ = {isa = PBXFileReference; lastKnownFileType = text.plist.xml; path = Info.plist; sourceTree = "<group>"; };
		B7FB6EBD1FFB4FE7003A72F2 /* SAMDarkClubDataPickPC.h */ = {isa = PBXFileReference; fileEncoding = 4; lastKnownFileType = sourcecode.c.h; name = SAMDarkClubDataPickPC.h; path = KIVDispatchCenter/VCPresentTransition/SAMDarkClubDataPickPC.h; sourceTree = "<group>"; };
		B7FB6EBE1FFB4FE8003A72F2 /* KIVVCTransition.h */ = {isa = PBXFileReference; fileEncoding = 4; lastKnownFileType = sourcecode.c.h; name = KIVVCTransition.h; path = KIVDispatchCenter/VCPresentTransition/KIVVCTransition.h; sourceTree = "<group>"; };
		B7FB6EBF1FFB4FE8003A72F2 /* KIVAnimateTransitioning.h */ = {isa = PBXFileReference; fileEncoding = 4; lastKnownFileType = sourcecode.c.h; name = KIVAnimateTransitioning.h; path = KIVDispatchCenter/VCPresentTransition/KIVAnimateTransitioning.h; sourceTree = "<group>"; };
		B7FB6EC01FFB4FE8003A72F2 /* KIVVCTransition.m */ = {isa = PBXFileReference; fileEncoding = 4; lastKnownFileType = sourcecode.c.objc; name = KIVVCTransition.m; path = KIVDispatchCenter/VCPresentTransition/KIVVCTransition.m; sourceTree = "<group>"; };
		B7FB6EC21FFB4FE8003A72F2 /* KIVAnimator.m */ = {isa = PBXFileReference; fileEncoding = 4; lastKnownFileType = sourcecode.c.objc; name = KIVAnimator.m; path = KIVDispatchCenter/VCPresentTransition/KIVAnimator.m; sourceTree = "<group>"; };
		B7FB6EC31FFB4FE8003A72F2 /* SAMDarkClubDataPickPC.m */ = {isa = PBXFileReference; fileEncoding = 4; lastKnownFileType = sourcecode.c.objc; name = SAMDarkClubDataPickPC.m; path = KIVDispatchCenter/VCPresentTransition/SAMDarkClubDataPickPC.m; sourceTree = "<group>"; };
		B7FB6EC41FFB4FE8003A72F2 /* KIVAnimator.h */ = {isa = PBXFileReference; fileEncoding = 4; lastKnownFileType = sourcecode.c.h; name = KIVAnimator.h; path = KIVDispatchCenter/VCPresentTransition/KIVAnimator.h; sourceTree = "<group>"; };
		B7FB6ECF1FFB4FF9003A72F2 /* AnimatorPopping.h */ = {isa = PBXFileReference; fileEncoding = 4; lastKnownFileType = sourcecode.c.h; name = AnimatorPopping.h; path = KIVDispatchCenter/VCPresentTransition/Animator/AnimatorPopping.h; sourceTree = "<group>"; };
		B7FB6ED01FFB4FFA003A72F2 /* AnimatorSpring.h */ = {isa = PBXFileReference; fileEncoding = 4; lastKnownFileType = sourcecode.c.h; name = AnimatorSpring.h; path = KIVDispatchCenter/VCPresentTransition/Animator/AnimatorSpring.h; sourceTree = "<group>"; };
		B7FB6ED11FFB4FFA003A72F2 /* AnimatorUpAndDown.h */ = {isa = PBXFileReference; fileEncoding = 4; lastKnownFileType = sourcecode.c.h; name = AnimatorUpAndDown.h; path = KIVDispatchCenter/VCPresentTransition/Animator/AnimatorUpAndDown.h; sourceTree = "<group>"; };
		B7FB6ED21FFB4FFA003A72F2 /* AnimatorSpring.m */ = {isa = PBXFileReference; fileEncoding = 4; lastKnownFileType = sourcecode.c.objc; name = AnimatorSpring.m; path = KIVDispatchCenter/VCPresentTransition/Animator/AnimatorSpring.m; sourceTree = "<group>"; };
		B7FB6ED31FFB4FFA003A72F2 /* AnimatorUpAndDown.m */ = {isa = PBXFileReference; fileEncoding = 4; lastKnownFileType = sourcecode.c.objc; name = AnimatorUpAndDown.m; path = KIVDispatchCenter/VCPresentTransition/Animator/AnimatorUpAndDown.m; sourceTree = "<group>"; };
		B7FB6ED41FFB4FFA003A72F2 /* AnimatorPopping.m */ = {isa = PBXFileReference; fileEncoding = 4; lastKnownFileType = sourcecode.c.objc; name = AnimatorPopping.m; path = KIVDispatchCenter/VCPresentTransition/Animator/AnimatorPopping.m; sourceTree = "<group>"; };
		B7FB6EDF1FFB520D003A72F2 /* KIVDispatchCenterDemo.app */ = {isa = PBXFileReference; explicitFileType = wrapper.application; includeInIndex = 0; path = KIVDispatchCenterDemo.app; sourceTree = BUILT_PRODUCTS_DIR; };
		B7FB6EE11FFB520D003A72F2 /* AppDelegate.h */ = {isa = PBXFileReference; lastKnownFileType = sourcecode.c.h; path = AppDelegate.h; sourceTree = "<group>"; };
		B7FB6EE21FFB520D003A72F2 /* AppDelegate.m */ = {isa = PBXFileReference; lastKnownFileType = sourcecode.c.objc; path = AppDelegate.m; sourceTree = "<group>"; };
		B7FB6EE41FFB520D003A72F2 /* ViewController.h */ = {isa = PBXFileReference; lastKnownFileType = sourcecode.c.h; path = ViewController.h; sourceTree = "<group>"; };
		B7FB6EE51FFB520D003A72F2 /* ViewController.m */ = {isa = PBXFileReference; lastKnownFileType = sourcecode.c.objc; path = ViewController.m; sourceTree = "<group>"; };
		B7FB6EE81FFB520D003A72F2 /* Base */ = {isa = PBXFileReference; lastKnownFileType = file.storyboard; name = Base; path = Base.lproj/Main.storyboard; sourceTree = "<group>"; };
		B7FB6EEA1FFB520D003A72F2 /* Assets.xcassets */ = {isa = PBXFileReference; lastKnownFileType = folder.assetcatalog; path = Assets.xcassets; sourceTree = "<group>"; };
		B7FB6EED1FFB520D003A72F2 /* Base */ = {isa = PBXFileReference; lastKnownFileType = file.storyboard; name = Base; path = Base.lproj/LaunchScreen.storyboard; sourceTree = "<group>"; };
		B7FB6EEF1FFB520D003A72F2 /* Info.plist */ = {isa = PBXFileReference; lastKnownFileType = text.plist.xml; path = Info.plist; sourceTree = "<group>"; };
		B7FB6EF01FFB520D003A72F2 /* main.m */ = {isa = PBXFileReference; lastKnownFileType = sourcecode.c.objc; path = main.m; sourceTree = "<group>"; };
		B7FB6EF81FFB55C0003A72F2 /* KIVRouter.h */ = {isa = PBXFileReference; lastKnownFileType = sourcecode.c.h; path = KIVRouter.h; sourceTree = "<group>"; };
		B7FB6EF91FFB55C0003A72F2 /* KIVRouter.m */ = {isa = PBXFileReference; lastKnownFileType = sourcecode.c.objc; path = KIVRouter.m; sourceTree = "<group>"; };
		B7FB6F091FFB5932003A72F2 /* VC1.h */ = {isa = PBXFileReference; lastKnownFileType = sourcecode.c.h; path = VC1.h; sourceTree = "<group>"; };
		B7FB6F0A1FFB5932003A72F2 /* VC1.m */ = {isa = PBXFileReference; lastKnownFileType = sourcecode.c.objc; path = VC1.m; sourceTree = "<group>"; };
		B7FB6F0B1FFB5932003A72F2 /* VC1.xib */ = {isa = PBXFileReference; lastKnownFileType = file.xib; path = VC1.xib; sourceTree = "<group>"; };
		B7FB6F0E1FFB66F5003A72F2 /* KIVRouterItem.h */ = {isa = PBXFileReference; lastKnownFileType = sourcecode.c.h; path = KIVRouterItem.h; sourceTree = "<group>"; };
		B7FB6F0F1FFB66F5003A72F2 /* KIVRouterItem.m */ = {isa = PBXFileReference; lastKnownFileType = sourcecode.c.objc; path = KIVRouterItem.m; sourceTree = "<group>"; };
		B7FB6F121FFB693A003A72F2 /* VC2.h */ = {isa = PBXFileReference; lastKnownFileType = sourcecode.c.h; path = VC2.h; sourceTree = "<group>"; };
		B7FB6F131FFB693A003A72F2 /* VC2.m */ = {isa = PBXFileReference; lastKnownFileType = sourcecode.c.objc; path = VC2.m; sourceTree = "<group>"; };
		B7FB6F151FFB7005003A72F2 /* KIVRouterModuleProtocol.h */ = {isa = PBXFileReference; lastKnownFileType = sourcecode.c.h; path = KIVRouterModuleProtocol.h; sourceTree = "<group>"; };
/* End PBXFileReference section */

/* Begin PBXFrameworksBuildPhase section */
		B7FB6EAA1FFB4F11003A72F2 /* Frameworks */ = {
			isa = PBXFrameworksBuildPhase;
			buildActionMask = 2147483647;
			files = (
			);
			runOnlyForDeploymentPostprocessing = 0;
		};
		B7FB6EDC1FFB520D003A72F2 /* Frameworks */ = {
			isa = PBXFrameworksBuildPhase;
			buildActionMask = 2147483647;
			files = (
				B7FB6EF61FFB5223003A72F2 /* KIVDispatchCenter.framework in Frameworks */,
			);
			runOnlyForDeploymentPostprocessing = 0;
		};
/* End PBXFrameworksBuildPhase section */

/* Begin PBXGroup section */
		B770E76D1FFE7440003D78F3 /* TransferManger */ = {
			isa = PBXGroup;
			children = (
				B770E76E1FFE7492003D78F3 /* KIVRouterTransitionManager.h */,
				B770E76F1FFE7492003D78F3 /* KIVRouterTransitionManager.m */,
			);
			path = TransferManger;
			sourceTree = "<group>";
		};
		B7FB6EA41FFB4F11003A72F2 = {
			isa = PBXGroup;
			children = (
				B7FB6EB01FFB4F11003A72F2 /* KIVDispatchCenter */,
				B7FB6EE01FFB520D003A72F2 /* KIVDispatchCenterDemo */,
				B7FB6EAF1FFB4F11003A72F2 /* Products */,
				B7FB6EF51FFB5223003A72F2 /* Frameworks */,
			);
			sourceTree = "<group>";
		};
		B7FB6EAF1FFB4F11003A72F2 /* Products */ = {
			isa = PBXGroup;
			children = (
				B7FB6EAE1FFB4F11003A72F2 /* KIVDispatchCenter.framework */,
				B7FB6EDF1FFB520D003A72F2 /* KIVDispatchCenterDemo.app */,
			);
			name = Products;
			sourceTree = "<group>";
		};
		B7FB6EB01FFB4F11003A72F2 /* KIVDispatchCenter */ = {
			isa = PBXGroup;
			children = (
				B770E76D1FFE7440003D78F3 /* TransferManger */,
				B7FB6EF71FFB559C003A72F2 /* Router */,
				B7FB6EBB1FFB4FB9003A72F2 /* VCPresentTransition */,
				B7FB6EB11FFB4F11003A72F2 /* KIVDispatchCenter.h */,
				B7FB6EB21FFB4F11003A72F2 /* Info.plist */,
			);
			path = KIVDispatchCenter;
			sourceTree = "<group>";
		};
		B7FB6EBB1FFB4FB9003A72F2 /* VCPresentTransition */ = {
			isa = PBXGroup;
			children = (
				B7FB6ECE1FFB4FEB003A72F2 /* Animator */,
				B7FB6EBF1FFB4FE8003A72F2 /* KIVAnimateTransitioning.h */,
				B7FB6EC41FFB4FE8003A72F2 /* KIVAnimator.h */,
				B7FB6EC21FFB4FE8003A72F2 /* KIVAnimator.m */,
				B7FB6EBE1FFB4FE8003A72F2 /* KIVVCTransition.h */,
				B7FB6EC01FFB4FE8003A72F2 /* KIVVCTransition.m */,
				B7FB6EBD1FFB4FE7003A72F2 /* SAMDarkClubDataPickPC.h */,
				B7FB6EC31FFB4FE8003A72F2 /* SAMDarkClubDataPickPC.m */,
			);
			name = VCPresentTransition;
			path = ..;
			sourceTree = "<group>";
		};
		B7FB6ECE1FFB4FEB003A72F2 /* Animator */ = {
			isa = PBXGroup;
			children = (
				B7FB6ECF1FFB4FF9003A72F2 /* AnimatorPopping.h */,
				B7FB6ED41FFB4FFA003A72F2 /* AnimatorPopping.m */,
				B7FB6ED01FFB4FFA003A72F2 /* AnimatorSpring.h */,
				B7FB6ED21FFB4FFA003A72F2 /* AnimatorSpring.m */,
				B7FB6ED11FFB4FFA003A72F2 /* AnimatorUpAndDown.h */,
				B7FB6ED31FFB4FFA003A72F2 /* AnimatorUpAndDown.m */,
			);
			name = Animator;
			sourceTree = "<group>";
		};
		B7FB6EE01FFB520D003A72F2 /* KIVDispatchCenterDemo */ = {
			isa = PBXGroup;
			children = (
				B7FB6F081FFB58EA003A72F2 /* TestVC */,
				B7FB6EE11FFB520D003A72F2 /* AppDelegate.h */,
				B7FB6EE21FFB520D003A72F2 /* AppDelegate.m */,
				B7FB6EE41FFB520D003A72F2 /* ViewController.h */,
				B7FB6EE51FFB520D003A72F2 /* ViewController.m */,
				B7FB6EE71FFB520D003A72F2 /* Main.storyboard */,
				B7FB6EEA1FFB520D003A72F2 /* Assets.xcassets */,
				B7FB6EEC1FFB520D003A72F2 /* LaunchScreen.storyboard */,
				B7FB6EEF1FFB520D003A72F2 /* Info.plist */,
				B7FB6EF01FFB520D003A72F2 /* main.m */,
			);
			path = KIVDispatchCenterDemo;
			sourceTree = "<group>";
		};
		B7FB6EF51FFB5223003A72F2 /* Frameworks */ = {
			isa = PBXGroup;
			children = (
			);
			name = Frameworks;
			sourceTree = "<group>";
		};
		B7FB6EF71FFB559C003A72F2 /* Router */ = {
			isa = PBXGroup;
			children = (
				B7FB6EF81FFB55C0003A72F2 /* KIVRouter.h */,
				B7FB6EF91FFB55C0003A72F2 /* KIVRouter.m */,
				B7FB6F0E1FFB66F5003A72F2 /* KIVRouterItem.h */,
				B7FB6F0F1FFB66F5003A72F2 /* KIVRouterItem.m */,
				B7FB6F151FFB7005003A72F2 /* KIVRouterModuleProtocol.h */,
			);
			path = Router;
			sourceTree = "<group>";
		};
		B7FB6F081FFB58EA003A72F2 /* TestVC */ = {
			isa = PBXGroup;
			children = (
				B7FB6F091FFB5932003A72F2 /* VC1.h */,
				B7FB6F0A1FFB5932003A72F2 /* VC1.m */,
				B7FB6F0B1FFB5932003A72F2 /* VC1.xib */,
				B7FB6F121FFB693A003A72F2 /* VC2.h */,
				B7FB6F131FFB693A003A72F2 /* VC2.m */,
			);
			path = TestVC;
			sourceTree = "<group>";
		};
/* End PBXGroup section */

/* Begin PBXHeadersBuildPhase section */
		B7FB6EAB1FFB4F11003A72F2 /* Headers */ = {
			isa = PBXHeadersBuildPhase;
			buildActionMask = 2147483647;
			files = (
				B7FB6ECD1FFB4FE9003A72F2 /* KIVAnimator.h in Headers */,
				B7FB6F161FFB7005003A72F2 /* KIVRouterModuleProtocol.h in Headers */,
				B7FB6EC71FFB4FE9003A72F2 /* KIVVCTransition.h in Headers */,
				B7FB6EB31FFB4F11003A72F2 /* KIVDispatchCenter.h in Headers */,
				B7FB6EC81FFB4FE9003A72F2 /* KIVAnimateTransitioning.h in Headers */,
				B7FB6EC61FFB4FE9003A72F2 /* SAMDarkClubDataPickPC.h in Headers */,
				B7FB6F101FFB66F5003A72F2 /* KIVRouterItem.h in Headers */,
				B7FB6EFA1FFB55C0003A72F2 /* KIVRouter.h in Headers */,
				B7FB6ED61FFB4FFA003A72F2 /* AnimatorSpring.h in Headers */,
				B7FB6ED71FFB4FFA003A72F2 /* AnimatorUpAndDown.h in Headers */,
				B7FB6ED51FFB4FFA003A72F2 /* AnimatorPopping.h in Headers */,
				B770E7701FFE7492003D78F3 /* KIVRouterTransitionManager.h in Headers */,
			);
			runOnlyForDeploymentPostprocessing = 0;
		};
/* End PBXHeadersBuildPhase section */

/* Begin PBXNativeTarget section */
		B7FB6EAD1FFB4F11003A72F2 /* KIVDispatchCenter */ = {
			isa = PBXNativeTarget;
			buildConfigurationList = B7FB6EB61FFB4F11003A72F2 /* Build configuration list for PBXNativeTarget "KIVDispatchCenter" */;
			buildPhases = (
				B7FB6EA91FFB4F11003A72F2 /* Sources */,
				B7FB6EAA1FFB4F11003A72F2 /* Frameworks */,
				B7FB6EAB1FFB4F11003A72F2 /* Headers */,
				B7FB6EAC1FFB4F11003A72F2 /* Resources */,
			);
			buildRules = (
			);
			dependencies = (
			);
			name = KIVDispatchCenter;
			productName = KIVDispatchCenter;
			productReference = B7FB6EAE1FFB4F11003A72F2 /* KIVDispatchCenter.framework */;
			productType = "com.apple.product-type.framework";
		};
		B7FB6EDE1FFB520D003A72F2 /* KIVDispatchCenterDemo */ = {
			isa = PBXNativeTarget;
			buildConfigurationList = B7FB6EF41FFB520D003A72F2 /* Build configuration list for PBXNativeTarget "KIVDispatchCenterDemo" */;
			buildPhases = (
				B7FB6EDB1FFB520D003A72F2 /* Sources */,
				B7FB6EDC1FFB520D003A72F2 /* Frameworks */,
				B7FB6EDD1FFB520D003A72F2 /* Resources */,
			);
			buildRules = (
			);
			dependencies = (
			);
			name = KIVDispatchCenterDemo;
			productName = KIVDispatchCenterDemo;
			productReference = B7FB6EDF1FFB520D003A72F2 /* KIVDispatchCenterDemo.app */;
			productType = "com.apple.product-type.application";
		};
/* End PBXNativeTarget section */

/* Begin PBXProject section */
		B7FB6EA51FFB4F11003A72F2 /* Project object */ = {
			isa = PBXProject;
			attributes = {
				LastUpgradeCheck = 0920;
				ORGANIZATIONNAME = Fann;
				TargetAttributes = {
					B7FB6EAD1FFB4F11003A72F2 = {
						CreatedOnToolsVersion = 9.2;
						ProvisioningStyle = Automatic;
					};
					B7FB6EDE1FFB520D003A72F2 = {
						CreatedOnToolsVersion = 9.2;
						ProvisioningStyle = Automatic;
					};
				};
			};
			buildConfigurationList = B7FB6EA81FFB4F11003A72F2 /* Build configuration list for PBXProject "KIVDispatchCenter" */;
			compatibilityVersion = "Xcode 8.0";
			developmentRegion = en;
			hasScannedForEncodings = 0;
			knownRegions = (
				en,
				Base,
			);
			mainGroup = B7FB6EA41FFB4F11003A72F2;
			productRefGroup = B7FB6EAF1FFB4F11003A72F2 /* Products */;
			projectDirPath = "";
			projectRoot = "";
			targets = (
				B7FB6EAD1FFB4F11003A72F2 /* KIVDispatchCenter */,
				B7FB6EDE1FFB520D003A72F2 /* KIVDispatchCenterDemo */,
			);
		};
/* End PBXProject section */

/* Begin PBXResourcesBuildPhase section */
		B7FB6EAC1FFB4F11003A72F2 /* Resources */ = {
			isa = PBXResourcesBuildPhase;
			buildActionMask = 2147483647;
			files = (
			);
			runOnlyForDeploymentPostprocessing = 0;
		};
		B7FB6EDD1FFB520D003A72F2 /* Resources */ = {
			isa = PBXResourcesBuildPhase;
			buildActionMask = 2147483647;
			files = (
				B7FB6EEE1FFB520D003A72F2 /* LaunchScreen.storyboard in Resources */,
				B7FB6EEB1FFB520D003A72F2 /* Assets.xcassets in Resources */,
				B7FB6F0D1FFB5932003A72F2 /* VC1.xib in Resources */,
				B7FB6EE91FFB520D003A72F2 /* Main.storyboard in Resources */,
			);
			runOnlyForDeploymentPostprocessing = 0;
		};
/* End PBXResourcesBuildPhase section */

/* Begin PBXSourcesBuildPhase section */
		B7FB6EA91FFB4F11003A72F2 /* Sources */ = {
			isa = PBXSourcesBuildPhase;
			buildActionMask = 2147483647;
			files = (
				B7FB6ECB1FFB4FE9003A72F2 /* KIVAnimator.m in Sources */,
				B7FB6ED91FFB4FFA003A72F2 /* AnimatorUpAndDown.m in Sources */,
				B7FB6ED81FFB4FFA003A72F2 /* AnimatorSpring.m in Sources */,
				B7FB6EDA1FFB4FFA003A72F2 /* AnimatorPopping.m in Sources */,
				B7FB6F111FFB66F5003A72F2 /* KIVRouterItem.m in Sources */,
				B7FB6EFB1FFB55C0003A72F2 /* KIVRouter.m in Sources */,
				B770E7711FFE7492003D78F3 /* KIVRouterTransitionManager.m in Sources */,
				B7FB6EC91FFB4FE9003A72F2 /* KIVVCTransition.m in Sources */,
				B7FB6ECC1FFB4FE9003A72F2 /* SAMDarkClubDataPickPC.m in Sources */,
			);
			runOnlyForDeploymentPostprocessing = 0;
		};
		B7FB6EDB1FFB520D003A72F2 /* Sources */ = {
			isa = PBXSourcesBuildPhase;
			buildActionMask = 2147483647;
			files = (
				B7FB6EE61FFB520D003A72F2 /* ViewController.m in Sources */,
				B7FB6EF11FFB520D003A72F2 /* main.m in Sources */,
				B7FB6F0C1FFB5932003A72F2 /* VC1.m in Sources */,
				B7FB6EE31FFB520D003A72F2 /* AppDelegate.m in Sources */,
				B7FB6F141FFB693A003A72F2 /* VC2.m in Sources */,
			);
			runOnlyForDeploymentPostprocessing = 0;
		};
/* End PBXSourcesBuildPhase section */

/* Begin PBXVariantGroup section */
		B7FB6EE71FFB520D003A72F2 /* Main.storyboard */ = {
			isa = PBXVariantGroup;
			children = (
				B7FB6EE81FFB520D003A72F2 /* Base */,
			);
			name = Main.storyboard;
			sourceTree = "<group>";
		};
		B7FB6EEC1FFB520D003A72F2 /* LaunchScreen.storyboard */ = {
			isa = PBXVariantGroup;
			children = (
				B7FB6EED1FFB520D003A72F2 /* Base */,
			);
			name = LaunchScreen.storyboard;
			sourceTree = "<group>";
		};
/* End PBXVariantGroup section */

/* Begin XCBuildConfiguration section */
		B7FB6EB41FFB4F11003A72F2 /* Debug */ = {
			isa = XCBuildConfiguration;
			buildSettings = {
				ALWAYS_SEARCH_USER_PATHS = NO;
				CLANG_ANALYZER_NONNULL = YES;
				CLANG_ANALYZER_NUMBER_OBJECT_CONVERSION = YES_AGGRESSIVE;
				CLANG_CXX_LANGUAGE_STANDARD = "gnu++14";
				CLANG_CXX_LIBRARY = "libc++";
				CLANG_ENABLE_MODULES = YES;
				CLANG_ENABLE_OBJC_ARC = YES;
				CLANG_WARN_BLOCK_CAPTURE_AUTORELEASING = YES;
				CLANG_WARN_BOOL_CONVERSION = YES;
				CLANG_WARN_COMMA = YES;
				CLANG_WARN_CONSTANT_CONVERSION = YES;
				CLANG_WARN_DIRECT_OBJC_ISA_USAGE = YES_ERROR;
				CLANG_WARN_DOCUMENTATION_COMMENTS = YES;
				CLANG_WARN_EMPTY_BODY = YES;
				CLANG_WARN_ENUM_CONVERSION = YES;
				CLANG_WARN_INFINITE_RECURSION = YES;
				CLANG_WARN_INT_CONVERSION = YES;
				CLANG_WARN_NON_LITERAL_NULL_CONVERSION = YES;
				CLANG_WARN_OBJC_LITERAL_CONVERSION = YES;
				CLANG_WARN_OBJC_ROOT_CLASS = YES_ERROR;
				CLANG_WARN_RANGE_LOOP_ANALYSIS = YES;
				CLANG_WARN_STRICT_PROTOTYPES = YES;
				CLANG_WARN_SUSPICIOUS_MOVE = YES;
				CLANG_WARN_UNGUARDED_AVAILABILITY = YES_AGGRESSIVE;
				CLANG_WARN_UNREACHABLE_CODE = YES;
				CLANG_WARN__DUPLICATE_METHOD_MATCH = YES;
				CODE_SIGN_IDENTITY = "iPhone Developer";
				COPY_PHASE_STRIP = NO;
				CURRENT_PROJECT_VERSION = 1;
				DEBUG_INFORMATION_FORMAT = dwarf;
				ENABLE_STRICT_OBJC_MSGSEND = YES;
				ENABLE_TESTABILITY = YES;
				GCC_C_LANGUAGE_STANDARD = gnu11;
				GCC_DYNAMIC_NO_PIC = NO;
				GCC_NO_COMMON_BLOCKS = YES;
				GCC_OPTIMIZATION_LEVEL = 0;
				GCC_PREPROCESSOR_DEFINITIONS = (
					"DEBUG=1",
					"$(inherited)",
				);
				GCC_WARN_64_TO_32_BIT_CONVERSION = YES;
				GCC_WARN_ABOUT_RETURN_TYPE = YES_ERROR;
				GCC_WARN_UNDECLARED_SELECTOR = YES;
				GCC_WARN_UNINITIALIZED_AUTOS = YES_AGGRESSIVE;
				GCC_WARN_UNUSED_FUNCTION = YES;
				GCC_WARN_UNUSED_VARIABLE = YES;
				IPHONEOS_DEPLOYMENT_TARGET = 11.2;
				MTL_ENABLE_DEBUG_INFO = YES;
				ONLY_ACTIVE_ARCH = YES;
				SDKROOT = iphoneos;
				VERSIONING_SYSTEM = "apple-generic";
				VERSION_INFO_PREFIX = "";
			};
			name = Debug;
		};
		B7FB6EB51FFB4F11003A72F2 /* Release */ = {
			isa = XCBuildConfiguration;
			buildSettings = {
				ALWAYS_SEARCH_USER_PATHS = NO;
				CLANG_ANALYZER_NONNULL = YES;
				CLANG_ANALYZER_NUMBER_OBJECT_CONVERSION = YES_AGGRESSIVE;
				CLANG_CXX_LANGUAGE_STANDARD = "gnu++14";
				CLANG_CXX_LIBRARY = "libc++";
				CLANG_ENABLE_MODULES = YES;
				CLANG_ENABLE_OBJC_ARC = YES;
				CLANG_WARN_BLOCK_CAPTURE_AUTORELEASING = YES;
				CLANG_WARN_BOOL_CONVERSION = YES;
				CLANG_WARN_COMMA = YES;
				CLANG_WARN_CONSTANT_CONVERSION = YES;
				CLANG_WARN_DIRECT_OBJC_ISA_USAGE = YES_ERROR;
				CLANG_WARN_DOCUMENTATION_COMMENTS = YES;
				CLANG_WARN_EMPTY_BODY = YES;
				CLANG_WARN_ENUM_CONVERSION = YES;
				CLANG_WARN_INFINITE_RECURSION = YES;
				CLANG_WARN_INT_CONVERSION = YES;
				CLANG_WARN_NON_LITERAL_NULL_CONVERSION = YES;
				CLANG_WARN_OBJC_LITERAL_CONVERSION = YES;
				CLANG_WARN_OBJC_ROOT_CLASS = YES_ERROR;
				CLANG_WARN_RANGE_LOOP_ANALYSIS = YES;
				CLANG_WARN_STRICT_PROTOTYPES = YES;
				CLANG_WARN_SUSPICIOUS_MOVE = YES;
				CLANG_WARN_UNGUARDED_AVAILABILITY = YES_AGGRESSIVE;
				CLANG_WARN_UNREACHABLE_CODE = YES;
				CLANG_WARN__DUPLICATE_METHOD_MATCH = YES;
				CODE_SIGN_IDENTITY = "iPhone Developer";
				COPY_PHASE_STRIP = NO;
				CURRENT_PROJECT_VERSION = 1;
				DEBUG_INFORMATION_FORMAT = "dwarf-with-dsym";
				ENABLE_NS_ASSERTIONS = NO;
				ENABLE_STRICT_OBJC_MSGSEND = YES;
				GCC_C_LANGUAGE_STANDARD = gnu11;
				GCC_NO_COMMON_BLOCKS = YES;
				GCC_WARN_64_TO_32_BIT_CONVERSION = YES;
				GCC_WARN_ABOUT_RETURN_TYPE = YES_ERROR;
				GCC_WARN_UNDECLARED_SELECTOR = YES;
				GCC_WARN_UNINITIALIZED_AUTOS = YES_AGGRESSIVE;
				GCC_WARN_UNUSED_FUNCTION = YES;
				GCC_WARN_UNUSED_VARIABLE = YES;
				IPHONEOS_DEPLOYMENT_TARGET = 11.2;
				MTL_ENABLE_DEBUG_INFO = NO;
				SDKROOT = iphoneos;
				VALIDATE_PRODUCT = YES;
				VERSIONING_SYSTEM = "apple-generic";
				VERSION_INFO_PREFIX = "";
			};
			name = Release;
		};
		B7FB6EB71FFB4F11003A72F2 /* Debug */ = {
			isa = XCBuildConfiguration;
			buildSettings = {
				CODE_SIGN_IDENTITY = "";
				CODE_SIGN_STYLE = Automatic;
				DEFINES_MODULE = YES;
				DYLIB_COMPATIBILITY_VERSION = 1;
				DYLIB_CURRENT_VERSION = 1;
				DYLIB_INSTALL_NAME_BASE = "@rpath";
				INFOPLIST_FILE = KIVDispatchCenter/Info.plist;
				INSTALL_PATH = "$(LOCAL_LIBRARY_DIR)/Frameworks";
				LD_RUNPATH_SEARCH_PATHS = "$(inherited) @executable_path/Frameworks @loader_path/Frameworks";
				MACH_O_TYPE = staticlib;
				PRODUCT_BUNDLE_IDENTIFIER = kivan.common.com.KIVDispatchCenter;
				PRODUCT_NAME = "$(TARGET_NAME:c99extidentifier)";
				SKIP_INSTALL = YES;
				TARGETED_DEVICE_FAMILY = "1,2";
			};
			name = Debug;
		};
		B7FB6EB81FFB4F11003A72F2 /* Release */ = {
			isa = XCBuildConfiguration;
			buildSettings = {
				CODE_SIGN_IDENTITY = "";
				CODE_SIGN_STYLE = Automatic;
				DEFINES_MODULE = YES;
				DYLIB_COMPATIBILITY_VERSION = 1;
				DYLIB_CURRENT_VERSION = 1;
				DYLIB_INSTALL_NAME_BASE = "@rpath";
				INFOPLIST_FILE = KIVDispatchCenter/Info.plist;
				INSTALL_PATH = "$(LOCAL_LIBRARY_DIR)/Frameworks";
				LD_RUNPATH_SEARCH_PATHS = "$(inherited) @executable_path/Frameworks @loader_path/Frameworks";
				MACH_O_TYPE = staticlib;
				PRODUCT_BUNDLE_IDENTIFIER = kivan.common.com.KIVDispatchCenter;
				PRODUCT_NAME = "$(TARGET_NAME:c99extidentifier)";
				SKIP_INSTALL = YES;
				TARGETED_DEVICE_FAMILY = "1,2";
			};
			name = Release;
		};
		B7FB6EF21FFB520D003A72F2 /* Debug */ = {
			isa = XCBuildConfiguration;
			buildSettings = {
				ASSETCATALOG_COMPILER_APPICON_NAME = AppIcon;
				CODE_SIGN_STYLE = Automatic;
				FRAMEWORK_SEARCH_PATHS = "$(inherited)/**";
				INFOPLIST_FILE = KIVDispatchCenterDemo/Info.plist;
				LD_RUNPATH_SEARCH_PATHS = "$(inherited) @executable_path/Frameworks";
				PRODUCT_BUNDLE_IDENTIFIER = kivan.common.com.KIVDispatchCenterDemo;
				PRODUCT_NAME = "$(TARGET_NAME)";
				TARGETED_DEVICE_FAMILY = "1,2";
			};
			name = Debug;
		};
		B7FB6EF31FFB520D003A72F2 /* Release */ = {
			isa = XCBuildConfiguration;
			buildSettings = {
				ASSETCATALOG_COMPILER_APPICON_NAME = AppIcon;
				CODE_SIGN_STYLE = Automatic;
				FRAMEWORK_SEARCH_PATHS = "$(inherited)/**";
				INFOPLIST_FILE = KIVDispatchCenterDemo/Info.plist;
				LD_RUNPATH_SEARCH_PATHS = "$(inherited) @executable_path/Frameworks";
				PRODUCT_BUNDLE_IDENTIFIER = kivan.common.com.KIVDispatchCenterDemo;
				PRODUCT_NAME = "$(TARGET_NAME)";
				TARGETED_DEVICE_FAMILY = "1,2";
			};
			name = Release;
		};
/* End XCBuildConfiguration section */

/* Begin XCConfigurationList section */
		B7FB6EA81FFB4F11003A72F2 /* Build configuration list for PBXProject "KIVDispatchCenter" */ = {
			isa = XCConfigurationList;
			buildConfigurations = (
				B7FB6EB41FFB4F11003A72F2 /* Debug */,
				B7FB6EB51FFB4F11003A72F2 /* Release */,
			);
			defaultConfigurationIsVisible = 0;
			defaultConfigurationName = Release;
		};
		B7FB6EB61FFB4F11003A72F2 /* Build configuration list for PBXNativeTarget "KIVDispatchCenter" */ = {
			isa = XCConfigurationList;
			buildConfigurations = (
				B7FB6EB71FFB4F11003A72F2 /* Debug */,
				B7FB6EB81FFB4F11003A72F2 /* Release */,
			);
			defaultConfigurationIsVisible = 0;
			defaultConfigurationName = Release;
		};
		B7FB6EF41FFB520D003A72F2 /* Build configuration list for PBXNativeTarget "KIVDispatchCenterDemo" */ = {
			isa = XCConfigurationList;
			buildConfigurations = (
				B7FB6EF21FFB520D003A72F2 /* Debug */,
				B7FB6EF31FFB520D003A72F2 /* Release */,
			);
			defaultConfigurationIsVisible = 0;
			defaultConfigurationName = Release;
		};
/* End XCConfigurationList section */
	};
	rootObject = B7FB6EA51FFB4F11003A72F2 /* Project object */;
}
