// !$*UTF8*$!
{
	archiveVersion = 1;
	classes = {
	};
	objectVersion = 48;
	objects = {

/* Begin PBXBuildFile section */
		60CA263D36BD5C0D92094B96 /* libPods-Demo_Tools.a in Frameworks */ = {isa = PBXBuildFile; fileRef = A867E5ACA4E5EF0A3D697FF6 /* libPods-Demo_Tools.a */; };
		8F839B351FBDDC730014B1C6 /* Demo_Tools.m in Sources */ = {isa = PBXBuildFile; fileRef = 8F839B341FBDDC730014B1C6 /* Demo_Tools.m */; };
		8F839B361FBDDC730014B1C6 /* Demo_Tools.h in CopyFiles */ = {isa = PBXBuildFile; fileRef = 8F839B331FBDDC730014B1C6 /* Demo_Tools.h */; };
		8F839B3E1FBDDCB00014B1C6 /* KIVColor.m in Sources */ = {isa = PBXBuildFile; fileRef = 8F839B3D1FBDDCB00014B1C6 /* KIVColor.m */; };
		8F839B451FBDDE9A0014B1C6 /* KIVColor.h in Headers */ = {isa = PBXBuildFile; fileRef = 8F839B3C1FBDDCB00014B1C6 /* KIVColor.h */; };
/* End PBXBuildFile section */

/* Begin PBXCopyFilesBuildPhase section */
		8F839B2E1FBDDC730014B1C6 /* CopyFiles */ = {
			isa = PBXCopyFilesBuildPhase;
			buildActionMask = 2147483647;
			dstPath = "include/$(PRODUCT_NAME)";
			dstSubfolderSpec = 16;
			files = (
				8F839B361FBDDC730014B1C6 /* Demo_Tools.h in CopyFiles */,
			);
			runOnlyForDeploymentPostprocessing = 0;
		};
/* End PBXCopyFilesBuildPhase section */

/* Begin PBXFileReference section */
		79C26C27B657861E97AE0C09 /* Pods-Demo_Tools.debug.xcconfig */ = {isa = PBXFileReference; includeInIndex = 1; lastKnownFileType = text.xcconfig; name = "Pods-Demo_Tools.debug.xcconfig"; path = "../../Pods/Target Support Files/Pods-Demo_Tools/Pods-Demo_Tools.debug.xcconfig"; sourceTree = "<group>"; };
		82F8CB114FEDBA91EBD92AEB /* Pods-Demo_Tools.release.xcconfig */ = {isa = PBXFileReference; includeInIndex = 1; lastKnownFileType = text.xcconfig; name = "Pods-Demo_Tools.release.xcconfig"; path = "../../Pods/Target Support Files/Pods-Demo_Tools/Pods-Demo_Tools.release.xcconfig"; sourceTree = "<group>"; };
		8F839B301FBDDC730014B1C6 /* libDemo_Tools.a */ = {isa = PBXFileReference; explicitFileType = archive.ar; includeInIndex = 0; path = libDemo_Tools.a; sourceTree = BUILT_PRODUCTS_DIR; };
		8F839B331FBDDC730014B1C6 /* Demo_Tools.h */ = {isa = PBXFileReference; lastKnownFileType = sourcecode.c.h; path = Demo_Tools.h; sourceTree = "<group>"; };
		8F839B341FBDDC730014B1C6 /* Demo_Tools.m */ = {isa = PBXFileReference; lastKnownFileType = sourcecode.c.objc; path = Demo_Tools.m; sourceTree = "<group>"; };
		8F839B3C1FBDDCB00014B1C6 /* KIVColor.h */ = {isa = PBXFileReference; fileEncoding = 4; lastKnownFileType = sourcecode.c.h; path = KIVColor.h; sourceTree = "<group>"; };
		8F839B3D1FBDDCB00014B1C6 /* KIVColor.m */ = {isa = PBXFileReference; fileEncoding = 4; lastKnownFileType = sourcecode.c.objc; path = KIVColor.m; sourceTree = "<group>"; };
		A867E5ACA4E5EF0A3D697FF6 /* libPods-Demo_Tools.a */ = {isa = PBXFileReference; explicitFileType = archive.ar; includeInIndex = 0; path = "libPods-Demo_Tools.a"; sourceTree = BUILT_PRODUCTS_DIR; };
/* End PBXFileReference section */

/* Begin PBXFrameworksBuildPhase section */
		8F839B2D1FBDDC730014B1C6 /* Frameworks */ = {
			isa = PBXFrameworksBuildPhase;
			buildActionMask = 2147483647;
			files = (
				60CA263D36BD5C0D92094B96 /* libPods-Demo_Tools.a in Frameworks */,
			);
			runOnlyForDeploymentPostprocessing = 0;
		};
/* End PBXFrameworksBuildPhase section */

/* Begin PBXGroup section */
		1B0E0A18E2D5AFC9547AD119 /* Pods */ = {
			isa = PBXGroup;
			children = (
				79C26C27B657861E97AE0C09 /* Pods-Demo_Tools.debug.xcconfig */,
				82F8CB114FEDBA91EBD92AEB /* Pods-Demo_Tools.release.xcconfig */,
			);
			name = Pods;
			sourceTree = "<group>";
		};
		5A1FF71858BCB5FC1B6DC246 /* Frameworks */ = {
			isa = PBXGroup;
			children = (
				A867E5ACA4E5EF0A3D697FF6 /* libPods-Demo_Tools.a */,
			);
			name = Frameworks;
			sourceTree = "<group>";
		};
		8F839B271FBDDC730014B1C6 = {
			isa = PBXGroup;
			children = (
				8F839B321FBDDC730014B1C6 /* Demo_Tools */,
				8F839B311FBDDC730014B1C6 /* Products */,
				1B0E0A18E2D5AFC9547AD119 /* Pods */,
				5A1FF71858BCB5FC1B6DC246 /* Frameworks */,
			);
			sourceTree = "<group>";
		};
		8F839B311FBDDC730014B1C6 /* Products */ = {
			isa = PBXGroup;
			children = (
				8F839B301FBDDC730014B1C6 /* libDemo_Tools.a */,
			);
			name = Products;
			sourceTree = "<group>";
		};
		8F839B321FBDDC730014B1C6 /* Demo_Tools */ = {
			isa = PBXGroup;
			children = (
				8F839B3C1FBDDCB00014B1C6 /* KIVColor.h */,
				8F839B3D1FBDDCB00014B1C6 /* KIVColor.m */,
				8F839B331FBDDC730014B1C6 /* Demo_Tools.h */,
				8F839B341FBDDC730014B1C6 /* Demo_Tools.m */,
			);
			path = Demo_Tools;
			sourceTree = "<group>";
		};
/* End PBXGroup section */

/* Begin PBXHeadersBuildPhase section */
		8F839B441FBDDE940014B1C6 /* Headers */ = {
			isa = PBXHeadersBuildPhase;
			buildActionMask = 2147483647;
			files = (
				8F839B451FBDDE9A0014B1C6 /* KIVColor.h in Headers */,
			);
			runOnlyForDeploymentPostprocessing = 0;
		};
/* End PBXHeadersBuildPhase section */

/* Begin PBXNativeTarget section */
		8F839B2F1FBDDC730014B1C6 /* Demo_Tools */ = {
			isa = PBXNativeTarget;
			buildConfigurationList = 8F839B391FBDDC730014B1C6 /* Build configuration list for PBXNativeTarget "Demo_Tools" */;
			buildPhases = (
				173B382D036DCFE63BB088F4 /* [CP] Check Pods Manifest.lock */,
				8F839B2C1FBDDC730014B1C6 /* Sources */,
				8F839B2D1FBDDC730014B1C6 /* Frameworks */,
				8F839B2E1FBDDC730014B1C6 /* CopyFiles */,
				8F839B441FBDDE940014B1C6 /* Headers */,
				5E9D153A6E3D24044B0D9E0C /* [CP] Copy Pods Resources */,
			);
			buildRules = (
			);
			dependencies = (
			);
			name = Demo_Tools;
			productName = Demo_Tools;
			productReference = 8F839B301FBDDC730014B1C6 /* libDemo_Tools.a */;
			productType = "com.apple.product-type.library.static";
		};
/* End PBXNativeTarget section */

/* Begin PBXProject section */
		8F839B281FBDDC730014B1C6 /* Project object */ = {
			isa = PBXProject;
			attributes = {
				LastUpgradeCheck = 0910;
				ORGANIZATIONNAME = kivan;
				TargetAttributes = {
					8F839B2F1FBDDC730014B1C6 = {
						CreatedOnToolsVersion = 9.1;
						ProvisioningStyle = Automatic;
					};
				};
			};
			buildConfigurationList = 8F839B2B1FBDDC730014B1C6 /* Build configuration list for PBXProject "Demo_Tools" */;
			compatibilityVersion = "Xcode 8.0";
			developmentRegion = en;
			hasScannedForEncodings = 0;
			knownRegions = (
				en,
			);
			mainGroup = 8F839B271FBDDC730014B1C6;
			productRefGroup = 8F839B311FBDDC730014B1C6 /* Products */;
			projectDirPath = "";
			projectRoot = "";
			targets = (
				8F839B2F1FBDDC730014B1C6 /* Demo_Tools */,
			);
		};
/* End PBXProject section */

/* Begin PBXShellScriptBuildPhase section */
		173B382D036DCFE63BB088F4 /* [CP] Check Pods Manifest.lock */ = {
			isa = PBXShellScriptBuildPhase;
			buildActionMask = 2147483647;
			files = (
			);
			inputPaths = (
				"${PODS_PODFILE_DIR_PATH}/Podfile.lock",
				"${PODS_ROOT}/Manifest.lock",
			);
			name = "[CP] Check Pods Manifest.lock";
			outputPaths = (
				"$(DERIVED_FILE_DIR)/Pods-Demo_Tools-checkManifestLockResult.txt",
			);
			runOnlyForDeploymentPostprocessing = 0;
			shellPath = /bin/sh;
			shellScript = "diff \"${PODS_PODFILE_DIR_PATH}/Podfile.lock\" \"${PODS_ROOT}/Manifest.lock\" > /dev/null\nif [ $? != 0 ] ; then\n    # print error to STDERR\n    echo \"error: The sandbox is not in sync with the Podfile.lock. Run 'pod install' or update your CocoaPods installation.\" >&2\n    exit 1\nfi\n# This output is used by Xcode 'outputs' to avoid re-running this script phase.\necho \"SUCCESS\" > \"${SCRIPT_OUTPUT_FILE_0}\"\n";
			showEnvVarsInLog = 0;
		};
		5E9D153A6E3D24044B0D9E0C /* [CP] Copy Pods Resources */ = {
			isa = PBXShellScriptBuildPhase;
			buildActionMask = 2147483647;
			files = (
			);
			inputPaths = (
			);
			name = "[CP] Copy Pods Resources";
			outputPaths = (
			);
			runOnlyForDeploymentPostprocessing = 0;
			shellPath = /bin/sh;
			shellScript = "\"${SRCROOT}/../../Pods/Target Support Files/Pods-Demo_Tools/Pods-Demo_Tools-resources.sh\"\n";
			showEnvVarsInLog = 0;
		};
/* End PBXShellScriptBuildPhase section */

/* Begin PBXSourcesBuildPhase section */
		8F839B2C1FBDDC730014B1C6 /* Sources */ = {
			isa = PBXSourcesBuildPhase;
			buildActionMask = 2147483647;
			files = (
				8F839B3E1FBDDCB00014B1C6 /* KIVColor.m in Sources */,
				8F839B351FBDDC730014B1C6 /* Demo_Tools.m in Sources */,
			);
			runOnlyForDeploymentPostprocessing = 0;
		};
/* End PBXSourcesBuildPhase section */

/* Begin XCBuildConfiguration section */
		8F839B371FBDDC730014B1C6 /* Debug */ = {
			isa = XCBuildConfiguration;
			buildSettings = {
				ALWAYS_SEARCH_USER_PATHS = NO;
				CLANG_ANALYZER_NONNULL = YES;
				CLANG_ANALYZER_NUMBER_OBJECT_CONVERSION = YES_AGGRESSIVE;
				CLANG_CXX_LANGUAGE_STANDARD = "gnu++14";
				CLANG_CXX_LIBRARY = "libc++";
				CLANG_ENABLE_MODULES = YES;
				CLANG_ENABLE_OBJC_ARC = YES;
				CLANG_WARN_BLOCK_CAPTURE_AUTORELEASING = YES;
				CLANG_WARN_BOOL_CONVERSION = YES;
				CLANG_WARN_COMMA = YES;
				CLANG_WARN_CONSTANT_CONVERSION = YES;
				CLANG_WARN_DIRECT_OBJC_ISA_USAGE = YES_ERROR;
				CLANG_WARN_DOCUMENTATION_COMMENTS = YES;
				CLANG_WARN_EMPTY_BODY = YES;
				CLANG_WARN_ENUM_CONVERSION = YES;
				CLANG_WARN_INFINITE_RECURSION = YES;
				CLANG_WARN_INT_CONVERSION = YES;
				CLANG_WARN_NON_LITERAL_NULL_CONVERSION = YES;
				CLANG_WARN_OBJC_LITERAL_CONVERSION = YES;
				CLANG_WARN_OBJC_ROOT_CLASS = YES_ERROR;
				CLANG_WARN_RANGE_LOOP_ANALYSIS = YES;
				CLANG_WARN_STRICT_PROTOTYPES = YES;
				CLANG_WARN_SUSPICIOUS_MOVE = YES;
				CLANG_WARN_UNGUARDED_AVAILABILITY = YES_AGGRESSIVE;
				CLANG_WARN_UNREACHABLE_CODE = YES;
				CLANG_WARN__DUPLICATE_METHOD_MATCH = YES;
				CODE_SIGN_IDENTITY = "iPhone Developer";
				COPY_PHASE_STRIP = NO;
				DEBUG_INFORMATION_FORMAT = dwarf;
				ENABLE_STRICT_OBJC_MSGSEND = YES;
				ENABLE_TESTABILITY = YES;
				GCC_C_LANGUAGE_STANDARD = gnu11;
				GCC_DYNAMIC_NO_PIC = NO;
				GCC_NO_COMMON_BLOCKS = YES;
				GCC_OPTIMIZATION_LEVEL = 0;
				GCC_PREPROCESSOR_DEFINITIONS = (
					"DEBUG=1",
					"$(inherited)",
				);
				GCC_WARN_64_TO_32_BIT_CONVERSION = YES;
				GCC_WARN_ABOUT_RETURN_TYPE = YES_ERROR;
				GCC_WARN_UNDECLARED_SELECTOR = YES;
				GCC_WARN_UNINITIALIZED_AUTOS = YES_AGGRESSIVE;
				GCC_WARN_UNUSED_FUNCTION = YES;
				GCC_WARN_UNUSED_VARIABLE = YES;
				IPHONEOS_DEPLOYMENT_TARGET = 9.3;
				MTL_ENABLE_DEBUG_INFO = YES;
				ONLY_ACTIVE_ARCH = YES;
				SDKROOT = iphoneos;
			};
			name = Debug;
		};
		8F839B381FBDDC730014B1C6 /* Release */ = {
			isa = XCBuildConfiguration;
			buildSettings = {
				ALWAYS_SEARCH_USER_PATHS = NO;
				CLANG_ANALYZER_NONNULL = YES;
				CLANG_ANALYZER_NUMBER_OBJECT_CONVERSION = YES_AGGRESSIVE;
				CLANG_CXX_LANGUAGE_STANDARD = "gnu++14";
				CLANG_CXX_LIBRARY = "libc++";
				CLANG_ENABLE_MODULES = YES;
				CLANG_ENABLE_OBJC_ARC = YES;
				CLANG_WARN_BLOCK_CAPTURE_AUTORELEASING = YES;
				CLANG_WARN_BOOL_CONVERSION = YES;
				CLANG_WARN_COMMA = YES;
				CLANG_WARN_CONSTANT_CONVERSION = YES;
				CLANG_WARN_DIRECT_OBJC_ISA_USAGE = YES_ERROR;
				CLANG_WARN_DOCUMENTATION_COMMENTS = YES;
				CLANG_WARN_EMPTY_BODY = YES;
				CLANG_WARN_ENUM_CONVERSION = YES;
				CLANG_WARN_INFINITE_RECURSION = YES;
				CLANG_WARN_INT_CONVERSION = YES;
				CLANG_WARN_NON_LITERAL_NULL_CONVERSION = YES;
				CLANG_WARN_OBJC_LITERAL_CONVERSION = YES;
				CLANG_WARN_OBJC_ROOT_CLASS = YES_ERROR;
				CLANG_WARN_RANGE_LOOP_ANALYSIS = YES;
				CLANG_WARN_STRICT_PROTOTYPES = YES;
				CLANG_WARN_SUSPICIOUS_MOVE = YES;
				CLANG_WARN_UNGUARDED_AVAILABILITY = YES_AGGRESSIVE;
				CLANG_WARN_UNREACHABLE_CODE = YES;
				CLANG_WARN__DUPLICATE_METHOD_MATCH = YES;
				CODE_SIGN_IDENTITY = "iPhone Developer";
				COPY_PHASE_STRIP = NO;
				DEBUG_INFORMATION_FORMAT = "dwarf-with-dsym";
				ENABLE_NS_ASSERTIONS = NO;
				ENABLE_STRICT_OBJC_MSGSEND = YES;
				GCC_C_LANGUAGE_STANDARD = gnu11;
				GCC_NO_COMMON_BLOCKS = YES;
				GCC_WARN_64_TO_32_BIT_CONVERSION = YES;
				GCC_WARN_ABOUT_RETURN_TYPE = YES_ERROR;
				GCC_WARN_UNDECLARED_SELECTOR = YES;
				GCC_WARN_UNINITIALIZED_AUTOS = YES_AGGRESSIVE;
				GCC_WARN_UNUSED_FUNCTION = YES;
				GCC_WARN_UNUSED_VARIABLE = YES;
				IPHONEOS_DEPLOYMENT_TARGET = 9.3;
				MTL_ENABLE_DEBUG_INFO = NO;
				SDKROOT = iphoneos;
				VALIDATE_PRODUCT = YES;
			};
			name = Release;
		};
		8F839B3A1FBDDC730014B1C6 /* Debug */ = {
			isa = XCBuildConfiguration;
			baseConfigurationReference = 79C26C27B657861E97AE0C09 /* Pods-Demo_Tools.debug.xcconfig */;
			buildSettings = {
				CODE_SIGN_STYLE = Automatic;
				DEVELOPMENT_TEAM = WTFJP34N3T;
				OTHER_LDFLAGS = (
					"-ObjC",
					"$(inherited)",
				);
				PRODUCT_NAME = "$(TARGET_NAME)";
				SKIP_INSTALL = YES;
				TARGETED_DEVICE_FAMILY = "1,2";
			};
			name = Debug;
		};
		8F839B3B1FBDDC730014B1C6 /* Release */ = {
			isa = XCBuildConfiguration;
			baseConfigurationReference = 82F8CB114FEDBA91EBD92AEB /* Pods-Demo_Tools.release.xcconfig */;
			buildSettings = {
				CODE_SIGN_STYLE = Automatic;
				DEVELOPMENT_TEAM = WTFJP34N3T;
				OTHER_LDFLAGS = (
					"-ObjC",
					"$(inherited)",
				);
				PRODUCT_NAME = "$(TARGET_NAME)";
				SKIP_INSTALL = YES;
				TARGETED_DEVICE_FAMILY = "1,2";
			};
			name = Release;
		};
/* End XCBuildConfiguration section */

/* Begin XCConfigurationList section */
		8F839B2B1FBDDC730014B1C6 /* Build configuration list for PBXProject "Demo_Tools" */ = {
			isa = XCConfigurationList;
			buildConfigurations = (
				8F839B371FBDDC730014B1C6 /* Debug */,
				8F839B381FBDDC730014B1C6 /* Release */,
			);
			defaultConfigurationIsVisible = 0;
			defaultConfigurationName = Release;
		};
		8F839B391FBDDC730014B1C6 /* Build configuration list for PBXNativeTarget "Demo_Tools" */ = {
			isa = XCConfigurationList;
			buildConfigurations = (
				8F839B3A1FBDDC730014B1C6 /* Debug */,
				8F839B3B1FBDDC730014B1C6 /* Release */,
			);
			defaultConfigurationIsVisible = 0;
			defaultConfigurationName = Release;
		};
/* End XCConfigurationList section */
	};
	rootObject = 8F839B281FBDDC730014B1C6 /* Project object */;
}
