// !$*UTF8*$!
{
	archiveVersion = 1;
	classes = {
	};
	objectVersion = 48;
	objects = {

/* Begin PBXBuildFile section */
		8F839B351FBDDC730014B1C6 /* Demo_Tools.m in Sources */ = {isa = PBXBuildFile; fileRef = 8F839B341FBDDC730014B1C6 /* Demo_Tools.m */; };
		8F839B361FBDDC730014B1C6 /* Demo_Tools.h in CopyFiles */ = {isa = PBXBuildFile; fileRef = 8F839B331FBDDC730014B1C6 /* Demo_Tools.h */; };
		8F839B3E1FBDDCB00014B1C6 /* OTSColor.m in Sources */ = {isa = PBXBuildFile; fileRef = 8F839B3D1FBDDCB00014B1C6 /* OTSColor.m */; };
		8F839B451FBDDE9A0014B1C6 /* OTSColor.h in Headers */ = {isa = PBXBuildFile; fileRef = 8F839B3C1FBDDCB00014B1C6 /* OTSColor.h */; settings = {ATTRIBUTES = (Public, ); }; };
/* End PBXBuildFile section */

/* Begin PBXCopyFilesBuildPhase section */
		8F839B2E1FBDDC730014B1C6 /* CopyFiles */ = {
			isa = PBXCopyFilesBuildPhase;
			buildActionMask = 2147483647;
			dstPath = "include/$(PRODUCT_NAME)";
			dstSubfolderSpec = 16;
			files = (
				8F839B361FBDDC730014B1C6 /* Demo_Tools.h in CopyFiles */,
			);
			runOnlyForDeploymentPostprocessing = 0;
		};
/* End PBXCopyFilesBuildPhase section */

/* Begin PBXFileReference section */
		8F839B301FBDDC730014B1C6 /* libDemo_Tools.a */ = {isa = PBXFileReference; explicitFileType = archive.ar; includeInIndex = 0; path = libDemo_Tools.a; sourceTree = BUILT_PRODUCTS_DIR; };
		8F839B331FBDDC730014B1C6 /* Demo_Tools.h */ = {isa = PBXFileReference; lastKnownFileType = sourcecode.c.h; path = Demo_Tools.h; sourceTree = "<group>"; };
		8F839B341FBDDC730014B1C6 /* Demo_Tools.m */ = {isa = PBXFileReference; lastKnownFileType = sourcecode.c.objc; path = Demo_Tools.m; sourceTree = "<group>"; };
		8F839B3C1FBDDCB00014B1C6 /* OTSColor.h */ = {isa = PBXFileReference; fileEncoding = 4; lastKnownFileType = sourcecode.c.h; path = OTSColor.h; sourceTree = "<group>"; };
		8F839B3D1FBDDCB00014B1C6 /* OTSColor.m */ = {isa = PBXFileReference; fileEncoding = 4; lastKnownFileType = sourcecode.c.objc; path = OTSColor.m; sourceTree = "<group>"; };
/* End PBXFileReference section */

/* Begin PBXFrameworksBuildPhase section */
		8F839B2D1FBDDC730014B1C6 /* Frameworks */ = {
			isa = PBXFrameworksBuildPhase;
			buildActionMask = 2147483647;
			files = (
			);
			runOnlyForDeploymentPostprocessing = 0;
		};
/* End PBXFrameworksBuildPhase section */

/* Begin PBXGroup section */
		8F839B271FBDDC730014B1C6 = {
			isa = PBXGroup;
			children = (
				8F839B321FBDDC730014B1C6 /* Demo_Tools */,
				8F839B311FBDDC730014B1C6 /* Products */,
			);
			sourceTree = "<group>";
		};
		8F839B311FBDDC730014B1C6 /* Products */ = {
			isa = PBXGroup;
			children = (
				8F839B301FBDDC730014B1C6 /* libDemo_Tools.a */,
			);
			name = Products;
			sourceTree = "<group>";
		};
		8F839B321FBDDC730014B1C6 /* Demo_Tools */ = {
			isa = PBXGroup;
			children = (
				8F839B3C1FBDDCB00014B1C6 /* OTSColor.h */,
				8F839B3D1FBDDCB00014B1C6 /* OTSColor.m */,
				8F839B331FBDDC730014B1C6 /* Demo_Tools.h */,
				8F839B341FBDDC730014B1C6 /* Demo_Tools.m */,
			);
			path = Demo_Tools;
			sourceTree = "<group>";
		};
/* End PBXGroup section */

/* Begin PBXHeadersBuildPhase section */
		8F839B441FBDDE940014B1C6 /* Headers */ = {
			isa = PBXHeadersBuildPhase;
			buildActionMask = 2147483647;
			files = (
				8F839B451FBDDE9A0014B1C6 /* OTSColor.h in Headers */,
			);
			runOnlyForDeploymentPostprocessing = 0;
		};
/* End PBXHeadersBuildPhase section */

/* Begin PBXNativeTarget section */
		8F839B2F1FBDDC730014B1C6 /* Demo_Tools */ = {
			isa = PBXNativeTarget;
			buildConfigurationList = 8F839B391FBDDC730014B1C6 /* Build configuration list for PBXNativeTarget "Demo_Tools" */;
			buildPhases = (
				8F839B2C1FBDDC730014B1C6 /* Sources */,
				8F839B2D1FBDDC730014B1C6 /* Frameworks */,
				8F839B2E1FBDDC730014B1C6 /* CopyFiles */,
				8F839B441FBDDE940014B1C6 /* Headers */,
			);
			buildRules = (
			);
			dependencies = (
			);
			name = Demo_Tools;
			productName = Demo_Tools;
			productReference = 8F839B301FBDDC730014B1C6 /* libDemo_Tools.a */;
			productType = "com.apple.product-type.library.static";
		};
/* End PBXNativeTarget section */

/* Begin PBXProject section */
		8F839B281FBDDC730014B1C6 /* Project object */ = {
			isa = PBXProject;
			attributes = {
				LastUpgradeCheck = 0910;
				ORGANIZATIONNAME = kivan;
				TargetAttributes = {
					8F839B2F1FBDDC730014B1C6 = {
						CreatedOnToolsVersion = 9.1;
						ProvisioningStyle = Automatic;
					};
				};
			};
			buildConfigurationList = 8F839B2B1FBDDC730014B1C6 /* Build configuration list for PBXProject "Demo_Tools" */;
			compatibilityVersion = "Xcode 8.0";
			developmentRegion = en;
			hasScannedForEncodings = 0;
			knownRegions = (
				en,
			);
			mainGroup = 8F839B271FBDDC730014B1C6;
			productRefGroup = 8F839B311FBDDC730014B1C6 /* Products */;
			projectDirPath = "";
			projectRoot = "";
			targets = (
				8F839B2F1FBDDC730014B1C6 /* Demo_Tools */,
			);
		};
/* End PBXProject section */

/* Begin PBXSourcesBuildPhase section */
		8F839B2C1FBDDC730014B1C6 /* Sources */ = {
			isa = PBXSourcesBuildPhase;
			buildActionMask = 2147483647;
			files = (
				8F839B3E1FBDDCB00014B1C6 /* OTSColor.m in Sources */,
				8F839B351FBDDC730014B1C6 /* Demo_Tools.m in Sources */,
			);
			runOnlyForDeploymentPostprocessing = 0;
		};
/* End PBXSourcesBuildPhase section */

/* Begin XCBuildConfiguration section */
		8F839B371FBDDC730014B1C6 /* Debug */ = {
			isa = XCBuildConfiguration;
			buildSettings = {
				ALWAYS_SEARCH_USER_PATHS = NO;
				CLANG_ANALYZER_NONNULL = YES;
				CLANG_ANALYZER_NUMBER_OBJECT_CONVERSION = YES_AGGRESSIVE;
				CLANG_CXX_LANGUAGE_STANDARD = "gnu++14";
				CLANG_CXX_LIBRARY = "libc++";
				CLANG_ENABLE_MODULES = YES;
				CLANG_ENABLE_OBJC_ARC = YES;
				CLANG_WARN_BLOCK_CAPTURE_AUTORELEASING = YES;
				CLANG_WARN_BOOL_CONVERSION = YES;
				CLANG_WARN_COMMA = YES;
				CLANG_WARN_CONSTANT_CONVERSION = YES;
				CLANG_WARN_DIRECT_OBJC_ISA_USAGE = YES_ERROR;
				CLANG_WARN_DOCUMENTATION_COMMENTS = YES;
				CLANG_WARN_EMPTY_BODY = YES;
				CLANG_WARN_ENUM_CONVERSION = YES;
				CLANG_WARN_INFINITE_RECURSION = YES;
				CLANG_WARN_INT_CONVERSION = YES;
				CLANG_WARN_NON_LITERAL_NULL_CONVERSION = YES;
				CLANG_WARN_OBJC_LITERAL_CONVERSION = YES;
				CLANG_WARN_OBJC_ROOT_CLASS = YES_ERROR;
				CLANG_WARN_RANGE_LOOP_ANALYSIS = YES;
				CLANG_WARN_STRICT_PROTOTYPES = YES;
				CLANG_WARN_SUSPICIOUS_MOVE = YES;
				CLANG_WARN_UNGUARDED_AVAILABILITY = YES_AGGRESSIVE;
				CLANG_WARN_UNREACHABLE_CODE = YES;
				CLANG_WARN__DUPLICATE_METHOD_MATCH = YES;
				CODE_SIGN_IDENTITY = "iPhone Developer";
				COPY_PHASE_STRIP = NO;
				DEBUG_INFORMATION_FORMAT = dwarf;
				ENABLE_STRICT_OBJC_MSGSEND = YES;
				ENABLE_TESTABILITY = YES;
				GCC_C_LANGUAGE_STANDARD = gnu11;
				GCC_DYNAMIC_NO_PIC = NO;
				GCC_NO_COMMON_BLOCKS = YES;
				GCC_OPTIMIZATION_LEVEL = 0;
				GCC_PREPROCESSOR_DEFINITIONS = (
					"DEBUG=1",
					"$(inherited)",
				);
				GCC_WARN_64_TO_32_BIT_CONVERSION = YES;
				GCC_WARN_ABOUT_RETURN_TYPE = YES_ERROR;
				GCC_WARN_UNDECLARED_SELECTOR = YES;
				GCC_WARN_UNINITIALIZED_AUTOS = YES_AGGRESSIVE;
				GCC_WARN_UNUSED_FUNCTION = YES;
				GCC_WARN_UNUSED_VARIABLE = YES;
				IPHONEOS_DEPLOYMENT_TARGET = 11.1;
				MTL_ENABLE_DEBUG_INFO = YES;
				ONLY_ACTIVE_ARCH = YES;
				SDKROOT = iphoneos;
			};
			name = Debug;
		};
		8F839B381FBDDC730014B1C6 /* Release */ = {
			isa = XCBuildConfiguration;
			buildSettings = {
				ALWAYS_SEARCH_USER_PATHS = NO;
				CLANG_ANALYZER_NONNULL = YES;
				CLANG_ANALYZER_NUMBER_OBJECT_CONVERSION = YES_AGGRESSIVE;
				CLANG_CXX_LANGUAGE_STANDARD = "gnu++14";
				CLANG_CXX_LIBRARY = "libc++";
				CLANG_ENABLE_MODULES = YES;
				CLANG_ENABLE_OBJC_ARC = YES;
				CLANG_WARN_BLOCK_CAPTURE_AUTORELEASING = YES;
				CLANG_WARN_BOOL_CONVERSION = YES;
				CLANG_WARN_COMMA = YES;
				CLANG_WARN_CONSTANT_CONVERSION = YES;
				CLANG_WARN_DIRECT_OBJC_ISA_USAGE = YES_ERROR;
				CLANG_WARN_DOCUMENTATION_COMMENTS = YES;
				CLANG_WARN_EMPTY_BODY = YES;
				CLANG_WARN_ENUM_CONVERSION = YES;
				CLANG_WARN_INFINITE_RECURSION = YES;
				CLANG_WARN_INT_CONVERSION = YES;
				CLANG_WARN_NON_LITERAL_NULL_CONVERSION = YES;
				CLANG_WARN_OBJC_LITERAL_CONVERSION = YES;
				CLANG_WARN_OBJC_ROOT_CLASS = YES_ERROR;
				CLANG_WARN_RANGE_LOOP_ANALYSIS = YES;
				CLANG_WARN_STRICT_PROTOTYPES = YES;
				CLANG_WARN_SUSPICIOUS_MOVE = YES;
				CLANG_WARN_UNGUARDED_AVAILABILITY = YES_AGGRESSIVE;
				CLANG_WARN_UNREACHABLE_CODE = YES;
				CLANG_WARN__DUPLICATE_METHOD_MATCH = YES;
				CODE_SIGN_IDENTITY = "iPhone Developer";
				COPY_PHASE_STRIP = NO;
				DEBUG_INFORMATION_FORMAT = "dwarf-with-dsym";
				ENABLE_NS_ASSERTIONS = NO;
				ENABLE_STRICT_OBJC_MSGSEND = YES;
				GCC_C_LANGUAGE_STANDARD = gnu11;
				GCC_NO_COMMON_BLOCKS = YES;
				GCC_WARN_64_TO_32_BIT_CONVERSION = YES;
				GCC_WARN_ABOUT_RETURN_TYPE = YES_ERROR;
				GCC_WARN_UNDECLARED_SELECTOR = YES;
				GCC_WARN_UNINITIALIZED_AUTOS = YES_AGGRESSIVE;
				GCC_WARN_UNUSED_FUNCTION = YES;
				GCC_WARN_UNUSED_VARIABLE = YES;
				IPHONEOS_DEPLOYMENT_TARGET = 11.1;
				MTL_ENABLE_DEBUG_INFO = NO;
				SDKROOT = iphoneos;
				VALIDATE_PRODUCT = YES;
			};
			name = Release;
		};
		8F839B3A1FBDDC730014B1C6 /* Debug */ = {
			isa = XCBuildConfiguration;
			buildSettings = {
				CODE_SIGN_STYLE = Automatic;
				DEVELOPMENT_TEAM = WTFJP34N3T;
				OTHER_LDFLAGS = "-ObjC";
				PRODUCT_NAME = "$(TARGET_NAME)";
				SKIP_INSTALL = YES;
				TARGETED_DEVICE_FAMILY = "1,2";
			};
			name = Debug;
		};
		8F839B3B1FBDDC730014B1C6 /* Release */ = {
			isa = XCBuildConfiguration;
			buildSettings = {
				CODE_SIGN_STYLE = Automatic;
				DEVELOPMENT_TEAM = WTFJP34N3T;
				OTHER_LDFLAGS = "-ObjC";
				PRODUCT_NAME = "$(TARGET_NAME)";
				SKIP_INSTALL = YES;
				TARGETED_DEVICE_FAMILY = "1,2";
			};
			name = Release;
		};
/* End XCBuildConfiguration section */

/* Begin XCConfigurationList section */
		8F839B2B1FBDDC730014B1C6 /* Build configuration list for PBXProject "Demo_Tools" */ = {
			isa = XCConfigurationList;
			buildConfigurations = (
				8F839B371FBDDC730014B1C6 /* Debug */,
				8F839B381FBDDC730014B1C6 /* Release */,
			);
			defaultConfigurationIsVisible = 0;
			defaultConfigurationName = Release;
		};
		8F839B391FBDDC730014B1C6 /* Build configuration list for PBXNativeTarget "Demo_Tools" */ = {
			isa = XCConfigurationList;
			buildConfigurations = (
				8F839B3A1FBDDC730014B1C6 /* Debug */,
				8F839B3B1FBDDC730014B1C6 /* Release */,
			);
			defaultConfigurationIsVisible = 0;
			defaultConfigurationName = Release;
		};
/* End XCConfigurationList section */
	};
	rootObject = 8F839B281FBDDC730014B1C6 /* Project object */;
}
