// !$*UTF8*$!
{
	archiveVersion = 1;
	classes = {
	};
	objectVersion = 48;
	objects = {

/* Begin PBXBuildFile section */
		4B7167CBD23733D328DE9FD6 /* libPods-Demolibrarys.a in Frameworks */ = {isa = PBXBuildFile; fileRef = FEF8AB6A7EB01253A8E3E370 /* libPods-Demolibrarys.a */; };
		8F12F5F71FC72BF800D65E9A /* KIVLogVC.m in Sources */ = {isa = PBXBuildFile; fileRef = 8F12F5F51FC72BF800D65E9A /* KIVLogVC.m */; };
		8F12F5F81FC72BF800D65E9A /* KIVLogVC.xib in Resources */ = {isa = PBXBuildFile; fileRef = 8F12F5F61FC72BF800D65E9A /* KIVLogVC.xib */; };
		8F12F6001FC72EEC00D65E9A /* KIVLogMainCell.m in Sources */ = {isa = PBXBuildFile; fileRef = 8F12F5FE1FC72EEC00D65E9A /* KIVLogMainCell.m */; };
		8F12F6011FC72EEC00D65E9A /* KIVLogMainCell.xib in Resources */ = {isa = PBXBuildFile; fileRef = 8F12F5FF1FC72EEC00D65E9A /* KIVLogMainCell.xib */; };
		8F39ED091FE6BF93003E2330 /* KIVHomeCVHeaderCell.m in Sources */ = {isa = PBXBuildFile; fileRef = 8F39ED071FE6BF93003E2330 /* KIVHomeCVHeaderCell.m */; };
		8F39ED0A1FE6BF93003E2330 /* KIVHomeCVHeaderCell.xib in Resources */ = {isa = PBXBuildFile; fileRef = 8F39ED081FE6BF93003E2330 /* KIVHomeCVHeaderCell.xib */; };
		8F39ED0E1FE6C5DD003E2330 /* KIVHomeCVMiddelCell.m in Sources */ = {isa = PBXBuildFile; fileRef = 8F39ED0C1FE6C5DD003E2330 /* KIVHomeCVMiddelCell.m */; };
		8F39ED0F1FE6C5DD003E2330 /* KIVHomeCVMiddelCell.xib in Resources */ = {isa = PBXBuildFile; fileRef = 8F39ED0D1FE6C5DD003E2330 /* KIVHomeCVMiddelCell.xib */; };
		8F39ED141FE6CBA2003E2330 /* ExternalAccessory.framework in Frameworks */ = {isa = PBXBuildFile; fileRef = 8F39ED131FE6CBA2003E2330 /* ExternalAccessory.framework */; };
		8F810F9B1FDD8B77004D1BA8 /* DemoLogVO.m in Sources */ = {isa = PBXBuildFile; fileRef = 8F810F9A1FDD8B77004D1BA8 /* DemoLogVO.m */; };
		8F810F9E1FDD96A6004D1BA8 /* KIVLogVC+ResponeData.m in Sources */ = {isa = PBXBuildFile; fileRef = 8F810F9D1FDD96A6004D1BA8 /* KIVLogVC+ResponeData.m */; };
		8F839A811FBDC4A30014B1C6 /* AppDelegate.m in Sources */ = {isa = PBXBuildFile; fileRef = 8F839A801FBDC4A30014B1C6 /* AppDelegate.m */; };
		8F839A871FBDC4A30014B1C6 /* Main.storyboard in Resources */ = {isa = PBXBuildFile; fileRef = 8F839A851FBDC4A30014B1C6 /* Main.storyboard */; };
		8F839A891FBDC4A30014B1C6 /* Assets.xcassets in Resources */ = {isa = PBXBuildFile; fileRef = 8F839A881FBDC4A30014B1C6 /* Assets.xcassets */; };
		8F839A8C1FBDC4A30014B1C6 /* LaunchScreen.storyboard in Resources */ = {isa = PBXBuildFile; fileRef = 8F839A8A1FBDC4A30014B1C6 /* LaunchScreen.storyboard */; };
		8F839A8F1FBDC4A30014B1C6 /* main.m in Sources */ = {isa = PBXBuildFile; fileRef = 8F839A8E1FBDC4A30014B1C6 /* main.m */; };
		8F839B4C1FBDE0A50014B1C6 /* libDemo_Crash.a in Frameworks */ = {isa = PBXBuildFile; fileRef = 8F839B4F1FBDE0A50014B1C6 /* libDemo_Crash.a */; };
		8F839B4D1FBDE0A50014B1C6 /* libDemo_libHeaders.a in Frameworks */ = {isa = PBXBuildFile; fileRef = 8F839B501FBDE0A50014B1C6 /* libDemo_libHeaders.a */; };
		8F839B4E1FBDE0A50014B1C6 /* libDemo_Tools.a in Frameworks */ = {isa = PBXBuildFile; fileRef = 8F839B511FBDE0A50014B1C6 /* libDemo_Tools.a */; };
		8F8E6DF81FE570C100E656DF /* ElementInfo.m in Sources */ = {isa = PBXBuildFile; fileRef = 8F8E6DF71FE570C100E656DF /* ElementInfo.m */; };
		8F8E6DFD1FE5825800E656DF /* KIVLogVC+DataHandle.m in Sources */ = {isa = PBXBuildFile; fileRef = 8F8E6DFC1FE5825800E656DF /* KIVLogVC+DataHandle.m */; };
		8F8E6E011FE6AAD900E656DF /* ViewController.m in Sources */ = {isa = PBXBuildFile; fileRef = 8F8E6DFF1FE6AAD900E656DF /* ViewController.m */; };
		8F8E6E021FE6AAD900E656DF /* ViewController.xib in Resources */ = {isa = PBXBuildFile; fileRef = 8F8E6E001FE6AAD900E656DF /* ViewController.xib */; };
		8F8E6E0B1FE6B81600E656DF /* ViewController+CollectionViewDataSourceDelegate.m in Sources */ = {isa = PBXBuildFile; fileRef = 8F8E6E0A1FE6B81600E656DF /* ViewController+CollectionViewDataSourceDelegate.m */; };
		8FA8B0D91FE02FC2009C52C9 /* ArticleListItem.m in Sources */ = {isa = PBXBuildFile; fileRef = 8FA8B0D81FE02FC2009C52C9 /* ArticleListItem.m */; };
		8FA8B0DC1FE02FDF009C52C9 /* FolderListItem.m in Sources */ = {isa = PBXBuildFile; fileRef = 8FA8B0DB1FE02FDF009C52C9 /* FolderListItem.m */; };
		8FA8B1C01FE40C14009C52C9 /* DataParser.m in Sources */ = {isa = PBXBuildFile; fileRef = 8FA8B1BF1FE40C14009C52C9 /* DataParser.m */; };
		8FA8B24C1FE512F8009C52C9 /* DataParser+ObjectiveGumbo.m in Sources */ = {isa = PBXBuildFile; fileRef = 8FA8B24B1FE512F8009C52C9 /* DataParser+ObjectiveGumbo.m */; };
		8FC24F261FF12AFB00250E4F /* ViewController+CellDelegate.m in Sources */ = {isa = PBXBuildFile; fileRef = 8FC24F251FF12AFB00250E4F /* ViewController+CellDelegate.m */; };
		8FC24F2A1FF145AA00250E4F /* kivMiddleItemCell.m in Sources */ = {isa = PBXBuildFile; fileRef = 8FC24F281FF145AA00250E4F /* kivMiddleItemCell.m */; };
		8FC24F2B1FF145AA00250E4F /* kivMiddleItemCell.xib in Resources */ = {isa = PBXBuildFile; fileRef = 8FC24F291FF145AA00250E4F /* kivMiddleItemCell.xib */; };
		8FF0E4261FC84AD600A89C3D /* KIVTogetherTouchRecogizer.m in Sources */ = {isa = PBXBuildFile; fileRef = 8FF0E4251FC84AD600A89C3D /* KIVTogetherTouchRecogizer.m */; };
		8FF0E4291FC85C6B00A89C3D /* UIView+screenShot.m in Sources */ = {isa = PBXBuildFile; fileRef = 8FF0E4281FC85C6A00A89C3D /* UIView+screenShot.m */; };
		B702D23520066CF5006DF256 /* AddArticleVC.m in Sources */ = {isa = PBXBuildFile; fileRef = B702D23320066CF5006DF256 /* AddArticleVC.m */; };
		B702D23620066CF5006DF256 /* AddArticleVC.xib in Resources */ = {isa = PBXBuildFile; fileRef = B702D23420066CF5006DF256 /* AddArticleVC.xib */; };
		B7197DAA203E6CB1003E9DE5 /* AboutViewController.m in Sources */ = {isa = PBXBuildFile; fileRef = B7197DA8203E6CB1003E9DE5 /* AboutViewController.m */; };
		B7197DAB203E6CB1003E9DE5 /* AboutViewController.xib in Resources */ = {isa = PBXBuildFile; fileRef = B7197DA9203E6CB1003E9DE5 /* AboutViewController.xib */; };
		B7197DB0203E7404003E9DE5 /* AdviceViewController.m in Sources */ = {isa = PBXBuildFile; fileRef = B7197DAE203E7404003E9DE5 /* AdviceViewController.m */; };
		B7197DB1203E7404003E9DE5 /* AdviceViewController.xib in Resources */ = {isa = PBXBuildFile; fileRef = B7197DAF203E7404003E9DE5 /* AdviceViewController.xib */; };
		B73F4FF32007A3AF008891D8 /* UserInfoPC.m in Sources */ = {isa = PBXBuildFile; fileRef = B73F4FF22007A3AF008891D8 /* UserInfoPC.m */; };
		B73F4FFC2007A80B008891D8 /* UserInfoTVCell.m in Sources */ = {isa = PBXBuildFile; fileRef = B73F4FFA2007A80B008891D8 /* UserInfoTVCell.m */; };
		B73F4FFD2007A80B008891D8 /* UserInfoTVCell.xib in Resources */ = {isa = PBXBuildFile; fileRef = B73F4FFB2007A80B008891D8 /* UserInfoTVCell.xib */; };
		B73F50062007BA72008891D8 /* KIVCommon.framework in Frameworks */ = {isa = PBXBuildFile; fileRef = B73F50072007BA72008891D8 /* KIVCommon.framework */; };
		B770E7C41FFFBD8A003D78F3 /* HistroyReadTVCell.m in Sources */ = {isa = PBXBuildFile; fileRef = B770E7C21FFFBD8A003D78F3 /* HistroyReadTVCell.m */; };
		B770E7C51FFFBD8A003D78F3 /* HistroyReadTVCell.xib in Resources */ = {isa = PBXBuildFile; fileRef = B770E7C31FFFBD8A003D78F3 /* HistroyReadTVCell.xib */; };
		B773CC82202FDDBE00A22FAE /* myicon@2x.png in Resources */ = {isa = PBXBuildFile; fileRef = B773CC80202FDDBA00A22FAE /* myicon@2x.png */; };
		B773CC83202FDDBE00A22FAE /* myicon@3x.png in Resources */ = {isa = PBXBuildFile; fileRef = B773CC81202FDDBC00A22FAE /* myicon@3x.png */; };
		B773CC86202FDE7F00A22FAE /* myicon2@2x.png in Resources */ = {isa = PBXBuildFile; fileRef = B773CC84202FDE7E00A22FAE /* myicon2@2x.png */; };
		B773CC87202FDE7F00A22FAE /* myicon2@3x.png in Resources */ = {isa = PBXBuildFile; fileRef = B773CC85202FDE7F00A22FAE /* myicon2@3x.png */; };
		B7C6529120138FD5007271DE /* KIVFloatViewController.m in Sources */ = {isa = PBXBuildFile; fileRef = B7C6529020138FD5007271DE /* KIVFloatViewController.m */; };
		B7C6529420138FFC007271DE /* KIVFloatViewPC.m in Sources */ = {isa = PBXBuildFile; fileRef = B7C6529320138FFC007271DE /* KIVFloatViewPC.m */; };
		B7C6529B2013971C007271DE /* UIColor+KIVBaseColor.m in Sources */ = {isa = PBXBuildFile; fileRef = B7C6529A2013971C007271DE /* UIColor+KIVBaseColor.m */; };
		B7C6529E2013972C007271DE /* UIFont+KIVBaseFont.m in Sources */ = {isa = PBXBuildFile; fileRef = B7C6529D2013972C007271DE /* UIFont+KIVBaseFont.m */; };
		B7C652AC20144388007271DE /* KIVFloatTVCell.m in Sources */ = {isa = PBXBuildFile; fileRef = B7C652AA20144388007271DE /* KIVFloatTVCell.m */; };
		B7C652AD20144388007271DE /* KIVFloatTVCell.xib in Resources */ = {isa = PBXBuildFile; fileRef = B7C652AB20144388007271DE /* KIVFloatTVCell.xib */; };
		B7C652B52014C114007271DE /* ViewController+ScrolleHandle.m in Sources */ = {isa = PBXBuildFile; fileRef = B7C652B42014C114007271DE /* ViewController+ScrolleHandle.m */; };
		B7C652B82014CAF9007271DE /* KIVCollectionViewProtocol+ScrollViewHandle.m in Sources */ = {isa = PBXBuildFile; fileRef = B7C652B72014CAF9007271DE /* KIVCollectionViewProtocol+ScrollViewHandle.m */; };
		B7D95A762010FFD600793DB4 /* KIVBrowserKit.framework in Frameworks */ = {isa = PBXBuildFile; fileRef = B7D95A782010FFD600793DB4 /* KIVBrowserKit.framework */; };
		B7D95A772010FFD600793DB4 /* KIVListKit.framework in Frameworks */ = {isa = PBXBuildFile; fileRef = B7D95A792010FFD600793DB4 /* KIVListKit.framework */; };
		B7DBFB3E20023F3200E49D2D /* UserInfoVC.xib in Resources */ = {isa = PBXBuildFile; fileRef = B7DBFB3D20023F3200E49D2D /* UserInfoVC.xib */; };
		B7DBFB3F200249A300E49D2D /* KIVDispatchCenter.framework in Frameworks */ = {isa = PBXBuildFile; fileRef = B7DBFB40200249A300E49D2D /* KIVDispatchCenter.framework */; };
		B7FB6E1A1FF5285A003A72F2 /* libDemo_Network.a in Frameworks */ = {isa = PBXBuildFile; fileRef = B7FB6E1B1FF5285A003A72F2 /* libDemo_Network.a */; };
		B7FB6E931FF7F591003A72F2 /* DemoWebServerVC.xib in Resources */ = {isa = PBXBuildFile; fileRef = B7FB6E901FF7F591003A72F2 /* DemoWebServerVC.xib */; };
		B7FB6E941FF7F591003A72F2 /* DemoWebServerVC.m in Sources */ = {isa = PBXBuildFile; fileRef = B7FB6E921FF7F591003A72F2 /* DemoWebServerVC.m */; };
		B7FB6F1A1FFBA474003A72F2 /* UserInfoVC.m in Sources */ = {isa = PBXBuildFile; fileRef = B7FB6F191FFBA473003A72F2 /* UserInfoVC.m */; };
		B7FB6F1E1FFBA67B003A72F2 /* KIVSearchHeaderView.m in Sources */ = {isa = PBXBuildFile; fileRef = B7FB6F1D1FFBA67B003A72F2 /* KIVSearchHeaderView.m */; };
		B7FB6F251FFBACDE003A72F2 /* KIVHomeCVHeaderADCell.m in Sources */ = {isa = PBXBuildFile; fileRef = B7FB6F231FFBACDE003A72F2 /* KIVHomeCVHeaderADCell.m */; };
		B7FB6F261FFBACDE003A72F2 /* KIVHomeCVHeaderADCell.xib in Resources */ = {isa = PBXBuildFile; fileRef = B7FB6F241FFBACDE003A72F2 /* KIVHomeCVHeaderADCell.xib */; };
		B7FB6F2A1FFBADAC003A72F2 /* KIVHomeCVReadHistoryCell.m in Sources */ = {isa = PBXBuildFile; fileRef = B7FB6F281FFBADAC003A72F2 /* KIVHomeCVReadHistoryCell.m */; };
		B7FB6F2B1FFBADAC003A72F2 /* KIVHomeCVReadHistoryCell.xib in Resources */ = {isa = PBXBuildFile; fileRef = B7FB6F291FFBADAC003A72F2 /* KIVHomeCVReadHistoryCell.xib */; };
		B7FB6F2F1FFBB241003A72F2 /* KIVHomeCVUserCell.m in Sources */ = {isa = PBXBuildFile; fileRef = B7FB6F2D1FFBB241003A72F2 /* KIVHomeCVUserCell.m */; };
		B7FB6F301FFBB241003A72F2 /* KIVHomeCVUserCell.xib in Resources */ = {isa = PBXBuildFile; fileRef = B7FB6F2E1FFBB241003A72F2 /* KIVHomeCVUserCell.xib */; };
/* End PBXBuildFile section */

/* Begin PBXFileReference section */
		4039A49D9B94F269B3A702EA /* Pods-Demolibrarys.debug.xcconfig */ = {isa = PBXFileReference; includeInIndex = 1; lastKnownFileType = text.xcconfig; name = "Pods-Demolibrarys.debug.xcconfig"; path = "Pods/Target Support Files/Pods-Demolibrarys/Pods-Demolibrarys.debug.xcconfig"; sourceTree = "<group>"; };
		8F12F5F41FC72BF800D65E9A /* KIVLogVC.h */ = {isa = PBXFileReference; lastKnownFileType = sourcecode.c.h; path = KIVLogVC.h; sourceTree = "<group>"; };
		8F12F5F51FC72BF800D65E9A /* KIVLogVC.m */ = {isa = PBXFileReference; lastKnownFileType = sourcecode.c.objc; path = KIVLogVC.m; sourceTree = "<group>"; };
		8F12F5F61FC72BF800D65E9A /* KIVLogVC.xib */ = {isa = PBXFileReference; lastKnownFileType = file.xib; path = KIVLogVC.xib; sourceTree = "<group>"; };
		8F12F5FD1FC72EEC00D65E9A /* KIVLogMainCell.h */ = {isa = PBXFileReference; lastKnownFileType = sourcecode.c.h; path = KIVLogMainCell.h; sourceTree = "<group>"; };
		8F12F5FE1FC72EEC00D65E9A /* KIVLogMainCell.m */ = {isa = PBXFileReference; lastKnownFileType = sourcecode.c.objc; path = KIVLogMainCell.m; sourceTree = "<group>"; };
		8F12F5FF1FC72EEC00D65E9A /* KIVLogMainCell.xib */ = {isa = PBXFileReference; lastKnownFileType = file.xib; path = KIVLogMainCell.xib; sourceTree = "<group>"; };
		8F39ED061FE6BF93003E2330 /* KIVHomeCVHeaderCell.h */ = {isa = PBXFileReference; lastKnownFileType = sourcecode.c.h; path = KIVHomeCVHeaderCell.h; sourceTree = "<group>"; };
		8F39ED071FE6BF93003E2330 /* KIVHomeCVHeaderCell.m */ = {isa = PBXFileReference; lastKnownFileType = sourcecode.c.objc; path = KIVHomeCVHeaderCell.m; sourceTree = "<group>"; };
		8F39ED081FE6BF93003E2330 /* KIVHomeCVHeaderCell.xib */ = {isa = PBXFileReference; lastKnownFileType = file.xib; path = KIVHomeCVHeaderCell.xib; sourceTree = "<group>"; };
		8F39ED0B1FE6C5DD003E2330 /* KIVHomeCVMiddelCell.h */ = {isa = PBXFileReference; lastKnownFileType = sourcecode.c.h; path = KIVHomeCVMiddelCell.h; sourceTree = "<group>"; };
		8F39ED0C1FE6C5DD003E2330 /* KIVHomeCVMiddelCell.m */ = {isa = PBXFileReference; lastKnownFileType = sourcecode.c.objc; path = KIVHomeCVMiddelCell.m; sourceTree = "<group>"; };
		8F39ED0D1FE6C5DD003E2330 /* KIVHomeCVMiddelCell.xib */ = {isa = PBXFileReference; lastKnownFileType = file.xib; path = KIVHomeCVMiddelCell.xib; sourceTree = "<group>"; };
		8F39ED101FE6C9E1003E2330 /* Demolibrarys.entitlements */ = {isa = PBXFileReference; lastKnownFileType = text.plist.entitlements; path = Demolibrarys.entitlements; sourceTree = "<group>"; };
		8F39ED131FE6CBA2003E2330 /* ExternalAccessory.framework */ = {isa = PBXFileReference; lastKnownFileType = wrapper.framework; name = ExternalAccessory.framework; path = System/Library/Frameworks/ExternalAccessory.framework; sourceTree = SDKROOT; };
		8F810F951FDD77A7004D1BA8 /* libDemo_Network.a */ = {isa = PBXFileReference; explicitFileType = archive.ar; path = libDemo_Network.a; sourceTree = BUILT_PRODUCTS_DIR; };
		8F810F991FDD8B77004D1BA8 /* DemoLogVO.h */ = {isa = PBXFileReference; lastKnownFileType = sourcecode.c.h; path = DemoLogVO.h; sourceTree = "<group>"; };
		8F810F9A1FDD8B77004D1BA8 /* DemoLogVO.m */ = {isa = PBXFileReference; lastKnownFileType = sourcecode.c.objc; path = DemoLogVO.m; sourceTree = "<group>"; };
		8F810F9C1FDD96A6004D1BA8 /* KIVLogVC+ResponeData.h */ = {isa = PBXFileReference; lastKnownFileType = sourcecode.c.h; path = "KIVLogVC+ResponeData.h"; sourceTree = "<group>"; };
		8F810F9D1FDD96A6004D1BA8 /* KIVLogVC+ResponeData.m */ = {isa = PBXFileReference; lastKnownFileType = sourcecode.c.objc; path = "KIVLogVC+ResponeData.m"; sourceTree = "<group>"; };
		8F839A7C1FBDC4A30014B1C6 /* Demolibrarys.app */ = {isa = PBXFileReference; explicitFileType = wrapper.application; includeInIndex = 0; path = Demolibrarys.app; sourceTree = BUILT_PRODUCTS_DIR; };
		8F839A7F1FBDC4A30014B1C6 /* AppDelegate.h */ = {isa = PBXFileReference; lastKnownFileType = sourcecode.c.h; path = AppDelegate.h; sourceTree = "<group>"; };
		8F839A801FBDC4A30014B1C6 /* AppDelegate.m */ = {isa = PBXFileReference; lastKnownFileType = sourcecode.c.objc; path = AppDelegate.m; sourceTree = "<group>"; };
		8F839A861FBDC4A30014B1C6 /* Base */ = {isa = PBXFileReference; lastKnownFileType = file.storyboard; name = Base; path = Base.lproj/Main.storyboard; sourceTree = "<group>"; };
		8F839A881FBDC4A30014B1C6 /* Assets.xcassets */ = {isa = PBXFileReference; lastKnownFileType = folder.assetcatalog; path = Assets.xcassets; sourceTree = "<group>"; };
		8F839A8B1FBDC4A30014B1C6 /* Base */ = {isa = PBXFileReference; lastKnownFileType = file.storyboard; name = Base; path = Base.lproj/LaunchScreen.storyboard; sourceTree = "<group>"; };
		8F839A8D1FBDC4A30014B1C6 /* Info.plist */ = {isa = PBXFileReference; lastKnownFileType = text.plist.xml; path = Info.plist; sourceTree = "<group>"; };
		8F839A8E1FBDC4A30014B1C6 /* main.m */ = {isa = PBXFileReference; lastKnownFileType = sourcecode.c.objc; path = main.m; sourceTree = "<group>"; };
		8F839AB81FBDD6250014B1C6 /* libDemo_TableView.a */ = {isa = PBXFileReference; explicitFileType = archive.ar; path = libDemo_TableView.a; sourceTree = BUILT_PRODUCTS_DIR; };
		8F839B4F1FBDE0A50014B1C6 /* libDemo_Crash.a */ = {isa = PBXFileReference; explicitFileType = archive.ar; path = libDemo_Crash.a; sourceTree = BUILT_PRODUCTS_DIR; };
		8F839B501FBDE0A50014B1C6 /* libDemo_libHeaders.a */ = {isa = PBXFileReference; explicitFileType = archive.ar; path = libDemo_libHeaders.a; sourceTree = BUILT_PRODUCTS_DIR; };
		8F839B511FBDE0A50014B1C6 /* libDemo_Tools.a */ = {isa = PBXFileReference; explicitFileType = archive.ar; path = libDemo_Tools.a; sourceTree = BUILT_PRODUCTS_DIR; };
		8F8E6DF61FE570C100E656DF /* ElementInfo.h */ = {isa = PBXFileReference; lastKnownFileType = sourcecode.c.h; path = ElementInfo.h; sourceTree = "<group>"; };
		8F8E6DF71FE570C100E656DF /* ElementInfo.m */ = {isa = PBXFileReference; lastKnownFileType = sourcecode.c.objc; path = ElementInfo.m; sourceTree = "<group>"; };
		8F8E6DFA1FE580D400E656DF /* CommonHeader.h */ = {isa = PBXFileReference; lastKnownFileType = sourcecode.c.h; path = CommonHeader.h; sourceTree = "<group>"; };
		8F8E6DFB1FE5825800E656DF /* KIVLogVC+DataHandle.h */ = {isa = PBXFileReference; lastKnownFileType = sourcecode.c.h; path = "KIVLogVC+DataHandle.h"; sourceTree = "<group>"; };
		8F8E6DFC1FE5825800E656DF /* KIVLogVC+DataHandle.m */ = {isa = PBXFileReference; lastKnownFileType = sourcecode.c.objc; path = "KIVLogVC+DataHandle.m"; sourceTree = "<group>"; };
		8F8E6DFE1FE6AAD900E656DF /* ViewController.h */ = {isa = PBXFileReference; lastKnownFileType = sourcecode.c.h; path = ViewController.h; sourceTree = "<group>"; };
		8F8E6DFF1FE6AAD900E656DF /* ViewController.m */ = {isa = PBXFileReference; lastKnownFileType = sourcecode.c.objc; path = ViewController.m; sourceTree = "<group>"; };
		8F8E6E001FE6AAD900E656DF /* ViewController.xib */ = {isa = PBXFileReference; lastKnownFileType = file.xib; path = ViewController.xib; sourceTree = "<group>"; };
		8F8E6E091FE6B81600E656DF /* ViewController+CollectionViewDataSourceDelegate.h */ = {isa = PBXFileReference; lastKnownFileType = sourcecode.c.h; path = "ViewController+CollectionViewDataSourceDelegate.h"; sourceTree = "<group>"; };
		8F8E6E0A1FE6B81600E656DF /* ViewController+CollectionViewDataSourceDelegate.m */ = {isa = PBXFileReference; lastKnownFileType = sourcecode.c.objc; path = "ViewController+CollectionViewDataSourceDelegate.m"; sourceTree = "<group>"; };
		8FA8B0D71FE02FC2009C52C9 /* ArticleListItem.h */ = {isa = PBXFileReference; lastKnownFileType = sourcecode.c.h; path = ArticleListItem.h; sourceTree = "<group>"; };
		8FA8B0D81FE02FC2009C52C9 /* ArticleListItem.m */ = {isa = PBXFileReference; lastKnownFileType = sourcecode.c.objc; path = ArticleListItem.m; sourceTree = "<group>"; };
		8FA8B0DA1FE02FDF009C52C9 /* FolderListItem.h */ = {isa = PBXFileReference; lastKnownFileType = sourcecode.c.h; path = FolderListItem.h; sourceTree = "<group>"; };
		8FA8B0DB1FE02FDF009C52C9 /* FolderListItem.m */ = {isa = PBXFileReference; lastKnownFileType = sourcecode.c.objc; path = FolderListItem.m; sourceTree = "<group>"; };
		8FA8B1BE1FE40C14009C52C9 /* DataParser.h */ = {isa = PBXFileReference; lastKnownFileType = sourcecode.c.h; path = DataParser.h; sourceTree = "<group>"; };
		8FA8B1BF1FE40C14009C52C9 /* DataParser.m */ = {isa = PBXFileReference; lastKnownFileType = sourcecode.c.objc; path = DataParser.m; sourceTree = "<group>"; };
		8FA8B24A1FE512F8009C52C9 /* DataParser+ObjectiveGumbo.h */ = {isa = PBXFileReference; lastKnownFileType = sourcecode.c.h; path = "DataParser+ObjectiveGumbo.h"; sourceTree = "<group>"; };
		8FA8B24B1FE512F8009C52C9 /* DataParser+ObjectiveGumbo.m */ = {isa = PBXFileReference; lastKnownFileType = sourcecode.c.objc; path = "DataParser+ObjectiveGumbo.m"; sourceTree = "<group>"; };
		8FC24F241FF12AFB00250E4F /* ViewController+CellDelegate.h */ = {isa = PBXFileReference; lastKnownFileType = sourcecode.c.h; path = "ViewController+CellDelegate.h"; sourceTree = "<group>"; };
		8FC24F251FF12AFB00250E4F /* ViewController+CellDelegate.m */ = {isa = PBXFileReference; lastKnownFileType = sourcecode.c.objc; path = "ViewController+CellDelegate.m"; sourceTree = "<group>"; };
		8FC24F271FF145AA00250E4F /* kivMiddleItemCell.h */ = {isa = PBXFileReference; lastKnownFileType = sourcecode.c.h; path = kivMiddleItemCell.h; sourceTree = "<group>"; };
		8FC24F281FF145AA00250E4F /* kivMiddleItemCell.m */ = {isa = PBXFileReference; lastKnownFileType = sourcecode.c.objc; path = kivMiddleItemCell.m; sourceTree = "<group>"; };
		8FC24F291FF145AA00250E4F /* kivMiddleItemCell.xib */ = {isa = PBXFileReference; lastKnownFileType = file.xib; path = kivMiddleItemCell.xib; sourceTree = "<group>"; };
		8FF0E4241FC84AD600A89C3D /* KIVTogetherTouchRecogizer.h */ = {isa = PBXFileReference; lastKnownFileType = sourcecode.c.h; path = KIVTogetherTouchRecogizer.h; sourceTree = "<group>"; };
		8FF0E4251FC84AD600A89C3D /* KIVTogetherTouchRecogizer.m */ = {isa = PBXFileReference; lastKnownFileType = sourcecode.c.objc; path = KIVTogetherTouchRecogizer.m; sourceTree = "<group>"; };
		8FF0E4271FC85C6A00A89C3D /* UIView+screenShot.h */ = {isa = PBXFileReference; fileEncoding = 4; lastKnownFileType = sourcecode.c.h; name = "UIView+screenShot.h"; path = "Demolibrarys/UIView+screenShot.h"; sourceTree = SOURCE_ROOT; };
		8FF0E4281FC85C6A00A89C3D /* UIView+screenShot.m */ = {isa = PBXFileReference; fileEncoding = 4; lastKnownFileType = sourcecode.c.objc; name = "UIView+screenShot.m"; path = "Demolibrarys/UIView+screenShot.m"; sourceTree = SOURCE_ROOT; };
		94E298A6932E8E91D18B4B8B /* Pods-Demolibrarys.release.xcconfig */ = {isa = PBXFileReference; includeInIndex = 1; lastKnownFileType = text.xcconfig; name = "Pods-Demolibrarys.release.xcconfig"; path = "Pods/Target Support Files/Pods-Demolibrarys/Pods-Demolibrarys.release.xcconfig"; sourceTree = "<group>"; };
		B702D23220066CF5006DF256 /* AddArticleVC.h */ = {isa = PBXFileReference; lastKnownFileType = sourcecode.c.h; path = AddArticleVC.h; sourceTree = "<group>"; };
		B702D23320066CF5006DF256 /* AddArticleVC.m */ = {isa = PBXFileReference; lastKnownFileType = sourcecode.c.objc; path = AddArticleVC.m; sourceTree = "<group>"; };
		B702D23420066CF5006DF256 /* AddArticleVC.xib */ = {isa = PBXFileReference; lastKnownFileType = file.xib; path = AddArticleVC.xib; sourceTree = "<group>"; };
		B7197DA7203E6CB1003E9DE5 /* AboutViewController.h */ = {isa = PBXFileReference; lastKnownFileType = sourcecode.c.h; path = AboutViewController.h; sourceTree = "<group>"; };
		B7197DA8203E6CB1003E9DE5 /* AboutViewController.m */ = {isa = PBXFileReference; lastKnownFileType = sourcecode.c.objc; path = AboutViewController.m; sourceTree = "<group>"; };
		B7197DA9203E6CB1003E9DE5 /* AboutViewController.xib */ = {isa = PBXFileReference; lastKnownFileType = file.xib; path = AboutViewController.xib; sourceTree = "<group>"; };
		B7197DAD203E7404003E9DE5 /* AdviceViewController.h */ = {isa = PBXFileReference; lastKnownFileType = sourcecode.c.h; path = AdviceViewController.h; sourceTree = "<group>"; };
		B7197DAE203E7404003E9DE5 /* AdviceViewController.m */ = {isa = PBXFileReference; lastKnownFileType = sourcecode.c.objc; path = AdviceViewController.m; sourceTree = "<group>"; };
		B7197DAF203E7404003E9DE5 /* AdviceViewController.xib */ = {isa = PBXFileReference; lastKnownFileType = file.xib; path = AdviceViewController.xib; sourceTree = "<group>"; };
		B73F4FF12007A3AF008891D8 /* UserInfoPC.h */ = {isa = PBXFileReference; lastKnownFileType = sourcecode.c.h; path = UserInfoPC.h; sourceTree = "<group>"; };
		B73F4FF22007A3AF008891D8 /* UserInfoPC.m */ = {isa = PBXFileReference; lastKnownFileType = sourcecode.c.objc; path = UserInfoPC.m; sourceTree = "<group>"; };
		B73F4FF92007A80B008891D8 /* UserInfoTVCell.h */ = {isa = PBXFileReference; lastKnownFileType = sourcecode.c.h; path = UserInfoTVCell.h; sourceTree = "<group>"; };
		B73F4FFA2007A80B008891D8 /* UserInfoTVCell.m */ = {isa = PBXFileReference; lastKnownFileType = sourcecode.c.objc; path = UserInfoTVCell.m; sourceTree = "<group>"; };
		B73F4FFB2007A80B008891D8 /* UserInfoTVCell.xib */ = {isa = PBXFileReference; lastKnownFileType = file.xib; path = UserInfoTVCell.xib; sourceTree = "<group>"; };
		B73F50072007BA72008891D8 /* KIVCommon.framework */ = {isa = PBXFileReference; explicitFileType = wrapper.framework; path = KIVCommon.framework; sourceTree = BUILT_PRODUCTS_DIR; };
		B770E7C11FFFBD8A003D78F3 /* HistroyReadTVCell.h */ = {isa = PBXFileReference; lastKnownFileType = sourcecode.c.h; path = HistroyReadTVCell.h; sourceTree = "<group>"; };
		B770E7C21FFFBD8A003D78F3 /* HistroyReadTVCell.m */ = {isa = PBXFileReference; lastKnownFileType = sourcecode.c.objc; path = HistroyReadTVCell.m; sourceTree = "<group>"; };
		B770E7C31FFFBD8A003D78F3 /* HistroyReadTVCell.xib */ = {isa = PBXFileReference; lastKnownFileType = file.xib; path = HistroyReadTVCell.xib; sourceTree = "<group>"; };
		B773CC80202FDDBA00A22FAE /* myicon@2x.png */ = {isa = PBXFileReference; lastKnownFileType = image.png; path = "myicon@2x.png"; sourceTree = "<group>"; };
		B773CC81202FDDBC00A22FAE /* myicon@3x.png */ = {isa = PBXFileReference; lastKnownFileType = image.png; path = "myicon@3x.png"; sourceTree = "<group>"; };
		B773CC84202FDE7E00A22FAE /* myicon2@2x.png */ = {isa = PBXFileReference; lastKnownFileType = image.png; path = "myicon2@2x.png"; sourceTree = "<group>"; };
		B773CC85202FDE7F00A22FAE /* myicon2@3x.png */ = {isa = PBXFileReference; lastKnownFileType = image.png; path = "myicon2@3x.png"; sourceTree = "<group>"; };
		B7C6528F20138FD5007271DE /* KIVFloatViewController.h */ = {isa = PBXFileReference; lastKnownFileType = sourcecode.c.h; path = KIVFloatViewController.h; sourceTree = "<group>"; };
		B7C6529020138FD5007271DE /* KIVFloatViewController.m */ = {isa = PBXFileReference; lastKnownFileType = sourcecode.c.objc; path = KIVFloatViewController.m; sourceTree = "<group>"; };
		B7C6529220138FFC007271DE /* KIVFloatViewPC.h */ = {isa = PBXFileReference; lastKnownFileType = sourcecode.c.h; path = KIVFloatViewPC.h; sourceTree = "<group>"; };
		B7C6529320138FFC007271DE /* KIVFloatViewPC.m */ = {isa = PBXFileReference; lastKnownFileType = sourcecode.c.objc; path = KIVFloatViewPC.m; sourceTree = "<group>"; };
		B7C652992013971C007271DE /* UIColor+KIVBaseColor.h */ = {isa = PBXFileReference; lastKnownFileType = sourcecode.c.h; path = "UIColor+KIVBaseColor.h"; sourceTree = "<group>"; };
		B7C6529A2013971C007271DE /* UIColor+KIVBaseColor.m */ = {isa = PBXFileReference; lastKnownFileType = sourcecode.c.objc; path = "UIColor+KIVBaseColor.m"; sourceTree = "<group>"; };
		B7C6529C2013972C007271DE /* UIFont+KIVBaseFont.h */ = {isa = PBXFileReference; lastKnownFileType = sourcecode.c.h; path = "UIFont+KIVBaseFont.h"; sourceTree = "<group>"; };
		B7C6529D2013972C007271DE /* UIFont+KIVBaseFont.m */ = {isa = PBXFileReference; lastKnownFileType = sourcecode.c.objc; path = "UIFont+KIVBaseFont.m"; sourceTree = "<group>"; };
		B7C652A920144388007271DE /* KIVFloatTVCell.h */ = {isa = PBXFileReference; lastKnownFileType = sourcecode.c.h; path = KIVFloatTVCell.h; sourceTree = "<group>"; };
		B7C652AA20144388007271DE /* KIVFloatTVCell.m */ = {isa = PBXFileReference; lastKnownFileType = sourcecode.c.objc; path = KIVFloatTVCell.m; sourceTree = "<group>"; };
		B7C652AB20144388007271DE /* KIVFloatTVCell.xib */ = {isa = PBXFileReference; lastKnownFileType = file.xib; path = KIVFloatTVCell.xib; sourceTree = "<group>"; };
		B7C652B32014C114007271DE /* ViewController+ScrolleHandle.h */ = {isa = PBXFileReference; lastKnownFileType = sourcecode.c.h; path = "ViewController+ScrolleHandle.h"; sourceTree = "<group>"; };
		B7C652B42014C114007271DE /* ViewController+ScrolleHandle.m */ = {isa = PBXFileReference; lastKnownFileType = sourcecode.c.objc; path = "ViewController+ScrolleHandle.m"; sourceTree = "<group>"; };
		B7C652B62014CAF9007271DE /* KIVCollectionViewProtocol+ScrollViewHandle.h */ = {isa = PBXFileReference; lastKnownFileType = sourcecode.c.h; path = "KIVCollectionViewProtocol+ScrollViewHandle.h"; sourceTree = "<group>"; };
		B7C652B72014CAF9007271DE /* KIVCollectionViewProtocol+ScrollViewHandle.m */ = {isa = PBXFileReference; lastKnownFileType = sourcecode.c.objc; path = "KIVCollectionViewProtocol+ScrollViewHandle.m"; sourceTree = "<group>"; };
		B7D95A782010FFD600793DB4 /* KIVBrowserKit.framework */ = {isa = PBXFileReference; explicitFileType = wrapper.framework; path = KIVBrowserKit.framework; sourceTree = BUILT_PRODUCTS_DIR; };
		B7D95A792010FFD600793DB4 /* KIVListKit.framework */ = {isa = PBXFileReference; explicitFileType = wrapper.framework; path = KIVListKit.framework; sourceTree = BUILT_PRODUCTS_DIR; };
		B7DBFB3D20023F3200E49D2D /* UserInfoVC.xib */ = {isa = PBXFileReference; lastKnownFileType = file.xib; path = UserInfoVC.xib; sourceTree = "<group>"; };
		B7DBFB40200249A300E49D2D /* KIVDispatchCenter.framework */ = {isa = PBXFileReference; explicitFileType = wrapper.framework; path = KIVDispatchCenter.framework; sourceTree = BUILT_PRODUCTS_DIR; };
		B7FB6E131FF5235C003A72F2 /* libPods-Demo_Network.a */ = {isa = PBXFileReference; explicitFileType = archive.ar; path = "libPods-Demo_Network.a"; sourceTree = BUILT_PRODUCTS_DIR; };
		B7FB6E151FF5254C003A72F2 /* libDemo_Network.a */ = {isa = PBXFileReference; explicitFileType = archive.ar; path = libDemo_Network.a; sourceTree = BUILT_PRODUCTS_DIR; };
		B7FB6E181FF52692003A72F2 /* libPods-Demo_Network.a */ = {isa = PBXFileReference; explicitFileType = archive.ar; path = "libPods-Demo_Network.a"; sourceTree = BUILT_PRODUCTS_DIR; };
		B7FB6E1B1FF5285A003A72F2 /* libDemo_Network.a */ = {isa = PBXFileReference; explicitFileType = archive.ar; path = libDemo_Network.a; sourceTree = BUILT_PRODUCTS_DIR; };
		B7FB6E321FF543E1003A72F2 /* KIVCommon.framework */ = {isa = PBXFileReference; explicitFileType = wrapper.framework; path = KIVCommon.framework; sourceTree = BUILT_PRODUCTS_DIR; };
		B7FB6E821FF6852A003A72F2 /* PrefixHeader.pch */ = {isa = PBXFileReference; lastKnownFileType = sourcecode.c.h; path = PrefixHeader.pch; sourceTree = "<group>"; };
		B7FB6E901FF7F591003A72F2 /* DemoWebServerVC.xib */ = {isa = PBXFileReference; fileEncoding = 4; lastKnownFileType = file.xib; path = DemoWebServerVC.xib; sourceTree = "<group>"; };
		B7FB6E911FF7F591003A72F2 /* DemoWebServerVC.h */ = {isa = PBXFileReference; fileEncoding = 4; lastKnownFileType = sourcecode.c.h; path = DemoWebServerVC.h; sourceTree = "<group>"; };
		B7FB6E921FF7F591003A72F2 /* DemoWebServerVC.m */ = {isa = PBXFileReference; fileEncoding = 4; lastKnownFileType = sourcecode.c.objc; path = DemoWebServerVC.m; sourceTree = "<group>"; };
		B7FB6EBA1FFB4F57003A72F2 /* KIVDispatchCenter.framework */ = {isa = PBXFileReference; explicitFileType = wrapper.framework; path = KIVDispatchCenter.framework; sourceTree = BUILT_PRODUCTS_DIR; };
		B7FB6F181FFBA473003A72F2 /* UserInfoVC.h */ = {isa = PBXFileReference; lastKnownFileType = sourcecode.c.h; path = UserInfoVC.h; sourceTree = "<group>"; };
		B7FB6F191FFBA473003A72F2 /* UserInfoVC.m */ = {isa = PBXFileReference; lastKnownFileType = sourcecode.c.objc; path = UserInfoVC.m; sourceTree = "<group>"; };
		B7FB6F1C1FFBA67B003A72F2 /* KIVSearchHeaderView.h */ = {isa = PBXFileReference; lastKnownFileType = sourcecode.c.h; path = KIVSearchHeaderView.h; sourceTree = "<group>"; };
		B7FB6F1D1FFBA67B003A72F2 /* KIVSearchHeaderView.m */ = {isa = PBXFileReference; lastKnownFileType = sourcecode.c.objc; path = KIVSearchHeaderView.m; sourceTree = "<group>"; };
		B7FB6F221FFBACDE003A72F2 /* KIVHomeCVHeaderADCell.h */ = {isa = PBXFileReference; lastKnownFileType = sourcecode.c.h; path = KIVHomeCVHeaderADCell.h; sourceTree = "<group>"; };
		B7FB6F231FFBACDE003A72F2 /* KIVHomeCVHeaderADCell.m */ = {isa = PBXFileReference; lastKnownFileType = sourcecode.c.objc; path = KIVHomeCVHeaderADCell.m; sourceTree = "<group>"; };
		B7FB6F241FFBACDE003A72F2 /* KIVHomeCVHeaderADCell.xib */ = {isa = PBXFileReference; lastKnownFileType = file.xib; path = KIVHomeCVHeaderADCell.xib; sourceTree = "<group>"; };
		B7FB6F271FFBADAC003A72F2 /* KIVHomeCVReadHistoryCell.h */ = {isa = PBXFileReference; lastKnownFileType = sourcecode.c.h; path = KIVHomeCVReadHistoryCell.h; sourceTree = "<group>"; };
		B7FB6F281FFBADAC003A72F2 /* KIVHomeCVReadHistoryCell.m */ = {isa = PBXFileReference; lastKnownFileType = sourcecode.c.objc; path = KIVHomeCVReadHistoryCell.m; sourceTree = "<group>"; };
		B7FB6F291FFBADAC003A72F2 /* KIVHomeCVReadHistoryCell.xib */ = {isa = PBXFileReference; lastKnownFileType = file.xib; path = KIVHomeCVReadHistoryCell.xib; sourceTree = "<group>"; };
		B7FB6F2C1FFBB241003A72F2 /* KIVHomeCVUserCell.h */ = {isa = PBXFileReference; lastKnownFileType = sourcecode.c.h; path = KIVHomeCVUserCell.h; sourceTree = "<group>"; };
		B7FB6F2D1FFBB241003A72F2 /* KIVHomeCVUserCell.m */ = {isa = PBXFileReference; lastKnownFileType = sourcecode.c.objc; path = KIVHomeCVUserCell.m; sourceTree = "<group>"; };
		B7FB6F2E1FFBB241003A72F2 /* KIVHomeCVUserCell.xib */ = {isa = PBXFileReference; lastKnownFileType = file.xib; path = KIVHomeCVUserCell.xib; sourceTree = "<group>"; };
		FEF8AB6A7EB01253A8E3E370 /* libPods-Demolibrarys.a */ = {isa = PBXFileReference; explicitFileType = archive.ar; includeInIndex = 0; path = "libPods-Demolibrarys.a"; sourceTree = BUILT_PRODUCTS_DIR; };
/* End PBXFileReference section */

/* Begin PBXFrameworksBuildPhase section */
		8F839A791FBDC4A30014B1C6 /* Frameworks */ = {
			isa = PBXFrameworksBuildPhase;
			buildActionMask = 2147483647;
			files = (
				B7D95A762010FFD600793DB4 /* KIVBrowserKit.framework in Frameworks */,
				B7D95A772010FFD600793DB4 /* KIVListKit.framework in Frameworks */,
				B73F50062007BA72008891D8 /* KIVCommon.framework in Frameworks */,
				B7DBFB3F200249A300E49D2D /* KIVDispatchCenter.framework in Frameworks */,
				B7FB6E1A1FF5285A003A72F2 /* libDemo_Network.a in Frameworks */,
				8F839B4C1FBDE0A50014B1C6 /* libDemo_Crash.a in Frameworks */,
				8F839B4D1FBDE0A50014B1C6 /* libDemo_libHeaders.a in Frameworks */,
				8F839B4E1FBDE0A50014B1C6 /* libDemo_Tools.a in Frameworks */,
				8F39ED141FE6CBA2003E2330 /* ExternalAccessory.framework in Frameworks */,
				4B7167CBD23733D328DE9FD6 /* libPods-Demolibrarys.a in Frameworks */,
			);
			runOnlyForDeploymentPostprocessing = 0;
		};
/* End PBXFrameworksBuildPhase section */

/* Begin PBXGroup section */
		12A93E5F477BC752DC6A6B7E /* Frameworks */ = {
			isa = PBXGroup;
			children = (
				B7D95A782010FFD600793DB4 /* KIVBrowserKit.framework */,
				B7D95A792010FFD600793DB4 /* KIVListKit.framework */,
				B73F50072007BA72008891D8 /* KIVCommon.framework */,
				B7DBFB40200249A300E49D2D /* KIVDispatchCenter.framework */,
				B7FB6EBA1FFB4F57003A72F2 /* KIVDispatchCenter.framework */,
				B7FB6E321FF543E1003A72F2 /* KIVCommon.framework */,
				B7FB6E1B1FF5285A003A72F2 /* libDemo_Network.a */,
				B7FB6E181FF52692003A72F2 /* libPods-Demo_Network.a */,
				B7FB6E151FF5254C003A72F2 /* libDemo_Network.a */,
				B7FB6E131FF5235C003A72F2 /* libPods-Demo_Network.a */,
				8F39ED131FE6CBA2003E2330 /* ExternalAccessory.framework */,
				8F810F951FDD77A7004D1BA8 /* libDemo_Network.a */,
				8F839B4F1FBDE0A50014B1C6 /* libDemo_Crash.a */,
				8F839B501FBDE0A50014B1C6 /* libDemo_libHeaders.a */,
				8F839B511FBDE0A50014B1C6 /* libDemo_Tools.a */,
				8F839AB81FBDD6250014B1C6 /* libDemo_TableView.a */,
				FEF8AB6A7EB01253A8E3E370 /* libPods-Demolibrarys.a */,
			);
			name = Frameworks;
			sourceTree = "<group>";
		};
		8F12F5F31FC72BCE00D65E9A /* MyLogList */ = {
			isa = PBXGroup;
			children = (
				8FF0E4271FC85C6A00A89C3D /* UIView+screenShot.h */,
				8FF0E4281FC85C6A00A89C3D /* UIView+screenShot.m */,
				8FF0E4231FC84A9B00A89C3D /* Touch */,
				8F12F5F91FC72E8400D65E9A /* Cell */,
				8F12F5F41FC72BF800D65E9A /* KIVLogVC.h */,
				8F12F5F51FC72BF800D65E9A /* KIVLogVC.m */,
				8F8E6DFB1FE5825800E656DF /* KIVLogVC+DataHandle.h */,
				8F8E6DFC1FE5825800E656DF /* KIVLogVC+DataHandle.m */,
				8F810F9C1FDD96A6004D1BA8 /* KIVLogVC+ResponeData.h */,
				8F810F9D1FDD96A6004D1BA8 /* KIVLogVC+ResponeData.m */,
				8F12F5F61FC72BF800D65E9A /* KIVLogVC.xib */,
			);
			path = MyLogList;
			sourceTree = "<group>";
		};
		8F12F5F91FC72E8400D65E9A /* Cell */ = {
			isa = PBXGroup;
			children = (
				8F12F5FD1FC72EEC00D65E9A /* KIVLogMainCell.h */,
				8F12F5FE1FC72EEC00D65E9A /* KIVLogMainCell.m */,
				8F12F5FF1FC72EEC00D65E9A /* KIVLogMainCell.xib */,
			);
			path = Cell;
			sourceTree = "<group>";
		};
		8F12F6021FC7322F00D65E9A /* WebShow */ = {
			isa = PBXGroup;
			children = (
			);
			path = WebShow;
			sourceTree = "<group>";
		};
		8F39ED051FE6BEAC003E2330 /* MainCell */ = {
			isa = PBXGroup;
			children = (
				B770E7C01FFFBD4B003D78F3 /* subCell */,
				8F39ED061FE6BF93003E2330 /* KIVHomeCVHeaderCell.h */,
				8F39ED071FE6BF93003E2330 /* KIVHomeCVHeaderCell.m */,
				8F39ED081FE6BF93003E2330 /* KIVHomeCVHeaderCell.xib */,
				8F39ED0B1FE6C5DD003E2330 /* KIVHomeCVMiddelCell.h */,
				8F39ED0C1FE6C5DD003E2330 /* KIVHomeCVMiddelCell.m */,
				8F39ED0D1FE6C5DD003E2330 /* KIVHomeCVMiddelCell.xib */,
				8FC24F271FF145AA00250E4F /* kivMiddleItemCell.h */,
				8FC24F281FF145AA00250E4F /* kivMiddleItemCell.m */,
				8FC24F291FF145AA00250E4F /* kivMiddleItemCell.xib */,
				B7FB6F221FFBACDE003A72F2 /* KIVHomeCVHeaderADCell.h */,
				B7FB6F231FFBACDE003A72F2 /* KIVHomeCVHeaderADCell.m */,
				B7FB6F241FFBACDE003A72F2 /* KIVHomeCVHeaderADCell.xib */,
				B7FB6F2C1FFBB241003A72F2 /* KIVHomeCVUserCell.h */,
				B7FB6F2D1FFBB241003A72F2 /* KIVHomeCVUserCell.m */,
				B7FB6F2E1FFBB241003A72F2 /* KIVHomeCVUserCell.xib */,
				B7FB6F271FFBADAC003A72F2 /* KIVHomeCVReadHistoryCell.h */,
				B7FB6F281FFBADAC003A72F2 /* KIVHomeCVReadHistoryCell.m */,
				B7FB6F291FFBADAC003A72F2 /* KIVHomeCVReadHistoryCell.xib */,
			);
			path = MainCell;
			sourceTree = "<group>";
		};
		8F810F981FDD8A9D004D1BA8 /* LogVO */ = {
			isa = PBXGroup;
			children = (
				8F810F991FDD8B77004D1BA8 /* DemoLogVO.h */,
				8F810F9A1FDD8B77004D1BA8 /* DemoLogVO.m */,
				8FA8B0D71FE02FC2009C52C9 /* ArticleListItem.h */,
				8FA8B0D81FE02FC2009C52C9 /* ArticleListItem.m */,
				8FA8B0DA1FE02FDF009C52C9 /* FolderListItem.h */,
				8FA8B0DB1FE02FDF009C52C9 /* FolderListItem.m */,
				8F8E6DF61FE570C100E656DF /* ElementInfo.h */,
				8F8E6DF71FE570C100E656DF /* ElementInfo.m */,
			);
			path = LogVO;
			sourceTree = "<group>";
		};
		8F839A731FBDC4A30014B1C6 = {
			isa = PBXGroup;
			children = (
				8F839A7E1FBDC4A30014B1C6 /* Demolibrarys */,
				8F839A7D1FBDC4A30014B1C6 /* Products */,
				B09CA8B88AB22396BE000AA9 /* Pods */,
				12A93E5F477BC752DC6A6B7E /* Frameworks */,
			);
			sourceTree = "<group>";
		};
		8F839A7D1FBDC4A30014B1C6 /* Products */ = {
			isa = PBXGroup;
			children = (
				8F839A7C1FBDC4A30014B1C6 /* Demolibrarys.app */,
			);
			name = Products;
			sourceTree = "<group>";
		};
		8F839A7E1FBDC4A30014B1C6 /* Demolibrarys */ = {
			isa = PBXGroup;
			children = (
				B7197DAC203E73F2003E9DE5 /* advice */,
				B7197DA6203E6BB1003E9DE5 /* About */,
				B773CC80202FDDBA00A22FAE /* myicon@2x.png */,
				B773CC81202FDDBC00A22FAE /* myicon@3x.png */,
				B773CC84202FDE7E00A22FAE /* myicon2@2x.png */,
				B773CC85202FDE7F00A22FAE /* myicon2@3x.png */,
				B7C65295201396C9007271DE /* Base */,
				B7C6528E20138FBB007271DE /* Test */,
				B7FB6F171FFBA449003A72F2 /* UserInfoVC */,
				B7FB6E8F1FF7F591003A72F2 /* ImportWebServer */,
				8F12F6021FC7322F00D65E9A /* WebShow */,
				8F39ED101FE6C9E1003E2330 /* Demolibrarys.entitlements */,
				8F39ED051FE6BEAC003E2330 /* MainCell */,
				8F8E6DF91FE580B800E656DF /* Common */,
				8FA8B1BD1FE40BF2009C52C9 /* Model */,
				8F810F981FDD8A9D004D1BA8 /* LogVO */,
				8F12F5F31FC72BCE00D65E9A /* MyLogList */,
				8F839A7F1FBDC4A30014B1C6 /* AppDelegate.h */,
				8F839A801FBDC4A30014B1C6 /* AppDelegate.m */,
				8F839A851FBDC4A30014B1C6 /* Main.storyboard */,
				8F839A881FBDC4A30014B1C6 /* Assets.xcassets */,
				8F839A8A1FBDC4A30014B1C6 /* LaunchScreen.storyboard */,
				8F839A8D1FBDC4A30014B1C6 /* Info.plist */,
				8F839A8E1FBDC4A30014B1C6 /* main.m */,
				B7C652B62014CAF9007271DE /* KIVCollectionViewProtocol+ScrollViewHandle.h */,
				B7C652B72014CAF9007271DE /* KIVCollectionViewProtocol+ScrollViewHandle.m */,
				8F8E6DFE1FE6AAD900E656DF /* ViewController.h */,
				8F8E6DFF1FE6AAD900E656DF /* ViewController.m */,
				B7C652B32014C114007271DE /* ViewController+ScrolleHandle.h */,
				B7C652B42014C114007271DE /* ViewController+ScrolleHandle.m */,
				8FC24F241FF12AFB00250E4F /* ViewController+CellDelegate.h */,
				8FC24F251FF12AFB00250E4F /* ViewController+CellDelegate.m */,
				8F8E6E091FE6B81600E656DF /* ViewController+CollectionViewDataSourceDelegate.h */,
				8F8E6E0A1FE6B81600E656DF /* ViewController+CollectionViewDataSourceDelegate.m */,
				8F8E6E001FE6AAD900E656DF /* ViewController.xib */,
				B7FB6E821FF6852A003A72F2 /* PrefixHeader.pch */,
			);
			path = Demolibrarys;
			sourceTree = "<group>";
		};
		8F8E6DF91FE580B800E656DF /* Common */ = {
			isa = PBXGroup;
			children = (
				B7FB6F1B1FFBA65E003A72F2 /* View */,
				8F8E6DFA1FE580D400E656DF /* CommonHeader.h */,
			);
			path = Common;
			sourceTree = "<group>";
		};
		8FA8B1BD1FE40BF2009C52C9 /* Model */ = {
			isa = PBXGroup;
			children = (
				8FA8B1BE1FE40C14009C52C9 /* DataParser.h */,
				8FA8B1BF1FE40C14009C52C9 /* DataParser.m */,
				8FA8B24A1FE512F8009C52C9 /* DataParser+ObjectiveGumbo.h */,
				8FA8B24B1FE512F8009C52C9 /* DataParser+ObjectiveGumbo.m */,
			);
			path = Model;
			sourceTree = "<group>";
		};
		8FF0E4231FC84A9B00A89C3D /* Touch */ = {
			isa = PBXGroup;
			children = (
				8FF0E4241FC84AD600A89C3D /* KIVTogetherTouchRecogizer.h */,
				8FF0E4251FC84AD600A89C3D /* KIVTogetherTouchRecogizer.m */,
			);
			path = Touch;
			sourceTree = "<group>";
		};
		B09CA8B88AB22396BE000AA9 /* Pods */ = {
			isa = PBXGroup;
			children = (
				4039A49D9B94F269B3A702EA /* Pods-Demolibrarys.debug.xcconfig */,
				94E298A6932E8E91D18B4B8B /* Pods-Demolibrarys.release.xcconfig */,
			);
			name = Pods;
			sourceTree = "<group>";
		};
		B7197DA6203E6BB1003E9DE5 /* About */ = {
			isa = PBXGroup;
			children = (
				B7197DA7203E6CB1003E9DE5 /* AboutViewController.h */,
				B7197DA8203E6CB1003E9DE5 /* AboutViewController.m */,
				B7197DA9203E6CB1003E9DE5 /* AboutViewController.xib */,
			);
			path = About;
			sourceTree = "<group>";
		};
		B7197DAC203E73F2003E9DE5 /* advice */ = {
			isa = PBXGroup;
			children = (
				B7197DAD203E7404003E9DE5 /* AdviceViewController.h */,
				B7197DAE203E7404003E9DE5 /* AdviceViewController.m */,
				B7197DAF203E7404003E9DE5 /* AdviceViewController.xib */,
			);
			path = advice;
			sourceTree = "<group>";
		};
		B73F4FF82007A7C6008891D8 /* Cell */ = {
			isa = PBXGroup;
			children = (
				B73F4FF92007A80B008891D8 /* UserInfoTVCell.h */,
				B73F4FFA2007A80B008891D8 /* UserInfoTVCell.m */,
				B73F4FFB2007A80B008891D8 /* UserInfoTVCell.xib */,
			);
			path = Cell;
			sourceTree = "<group>";
		};
		B770E7C01FFFBD4B003D78F3 /* subCell */ = {
			isa = PBXGroup;
			children = (
				B770E7C11FFFBD8A003D78F3 /* HistroyReadTVCell.h */,
				B770E7C21FFFBD8A003D78F3 /* HistroyReadTVCell.m */,
				B770E7C31FFFBD8A003D78F3 /* HistroyReadTVCell.xib */,
			);
			path = subCell;
			sourceTree = "<group>";
		};
		B7C6528E20138FBB007271DE /* Test */ = {
			isa = PBXGroup;
			children = (
				B7C6528F20138FD5007271DE /* KIVFloatViewController.h */,
				B7C6529020138FD5007271DE /* KIVFloatViewController.m */,
				B7C6529220138FFC007271DE /* KIVFloatViewPC.h */,
				B7C6529320138FFC007271DE /* KIVFloatViewPC.m */,
				B7C652A920144388007271DE /* KIVFloatTVCell.h */,
				B7C652AA20144388007271DE /* KIVFloatTVCell.m */,
				B7C652AB20144388007271DE /* KIVFloatTVCell.xib */,
			);
			path = Test;
			sourceTree = "<group>";
		};
		B7C65295201396C9007271DE /* Base */ = {
			isa = PBXGroup;
			children = (
				B7C652992013971C007271DE /* UIColor+KIVBaseColor.h */,
				B7C6529A2013971C007271DE /* UIColor+KIVBaseColor.m */,
				B7C6529C2013972C007271DE /* UIFont+KIVBaseFont.h */,
				B7C6529D2013972C007271DE /* UIFont+KIVBaseFont.m */,
			);
			path = Base;
			sourceTree = "<group>";
		};
		B7FB6E8F1FF7F591003A72F2 /* ImportWebServer */ = {
			isa = PBXGroup;
			children = (
				B7FB6E901FF7F591003A72F2 /* DemoWebServerVC.xib */,
				B7FB6E911FF7F591003A72F2 /* DemoWebServerVC.h */,
				B7FB6E921FF7F591003A72F2 /* DemoWebServerVC.m */,
				B702D23220066CF5006DF256 /* AddArticleVC.h */,
				B702D23320066CF5006DF256 /* AddArticleVC.m */,
				B702D23420066CF5006DF256 /* AddArticleVC.xib */,
			);
			path = ImportWebServer;
			sourceTree = "<group>";
		};
		B7FB6F171FFBA449003A72F2 /* UserInfoVC */ = {
			isa = PBXGroup;
			children = (
				B73F4FF82007A7C6008891D8 /* Cell */,
				B7FB6F181FFBA473003A72F2 /* UserInfoVC.h */,
				B7FB6F191FFBA473003A72F2 /* UserInfoVC.m */,
				B7DBFB3D20023F3200E49D2D /* UserInfoVC.xib */,
				B73F4FF12007A3AF008891D8 /* UserInfoPC.h */,
				B73F4FF22007A3AF008891D8 /* UserInfoPC.m */,
			);
			path = UserInfoVC;
			sourceTree = "<group>";
		};
		B7FB6F1B1FFBA65E003A72F2 /* View */ = {
			isa = PBXGroup;
			children = (
				B7FB6F1C1FFBA67B003A72F2 /* KIVSearchHeaderView.h */,
				B7FB6F1D1FFBA67B003A72F2 /* KIVSearchHeaderView.m */,
			);
			path = View;
			sourceTree = "<group>";
		};
/* End PBXGroup section */

/* Begin PBXNativeTarget section */
		8F839A7B1FBDC4A30014B1C6 /* Demolibrarys */ = {
			isa = PBXNativeTarget;
			buildConfigurationList = 8F839A921FBDC4A30014B1C6 /* Build configuration list for PBXNativeTarget "Demolibrarys" */;
			buildPhases = (
				F84EC692C3BFFBD77C8E7FCC /* [CP] Check Pods Manifest.lock */,
				8F839A781FBDC4A30014B1C6 /* Sources */,
				8F839A791FBDC4A30014B1C6 /* Frameworks */,
				8F839A7A1FBDC4A30014B1C6 /* Resources */,
				ED183CB9189B433C6B8FEEFA /* [CP] Embed Pods Frameworks */,
				D17C4CA1B70E3D71F1574D4B /* [CP] Copy Pods Resources */,
			);
			buildRules = (
			);
			dependencies = (
			);
			name = Demolibrarys;
			productName = Demolibrarys;
			productReference = 8F839A7C1FBDC4A30014B1C6 /* Demolibrarys.app */;
			productType = "com.apple.product-type.application";
		};
/* End PBXNativeTarget section */

/* Begin PBXProject section */
		8F839A741FBDC4A30014B1C6 /* Project object */ = {
			isa = PBXProject;
			attributes = {
				LastUpgradeCheck = 0910;
				ORGANIZATIONNAME = kivan;
				TargetAttributes = {
					8F839A7B1FBDC4A30014B1C6 = {
						CreatedOnToolsVersion = 9.1;
						ProvisioningStyle = Manual;
						SystemCapabilities = {
							com.apple.NetworkExtensions.iOS = {
								enabled = 0;
							};
							com.apple.Push = {
								enabled = 0;
							};
							com.apple.WAC = {
								enabled = 1;
							};
						};
					};
				};
			};
			buildConfigurationList = 8F839A771FBDC4A30014B1C6 /* Build configuration list for PBXProject "Demolibrarys" */;
			compatibilityVersion = "Xcode 8.0";
			developmentRegion = en;
			hasScannedForEncodings = 0;
			knownRegions = (
				en,
				Base,
			);
			mainGroup = 8F839A731FBDC4A30014B1C6;
			productRefGroup = 8F839A7D1FBDC4A30014B1C6 /* Products */;
			projectDirPath = "";
			projectRoot = "";
			targets = (
				8F839A7B1FBDC4A30014B1C6 /* Demolibrarys */,
			);
		};
/* End PBXProject section */

/* Begin PBXResourcesBuildPhase section */
		8F839A7A1FBDC4A30014B1C6 /* Resources */ = {
			isa = PBXResourcesBuildPhase;
			buildActionMask = 2147483647;
			files = (
				8F839A8C1FBDC4A30014B1C6 /* LaunchScreen.storyboard in Resources */,
				8F839A891FBDC4A30014B1C6 /* Assets.xcassets in Resources */,
				B7FB6F2B1FFBADAC003A72F2 /* KIVHomeCVReadHistoryCell.xib in Resources */,
				8F8E6E021FE6AAD900E656DF /* ViewController.xib in Resources */,
				B773CC86202FDE7F00A22FAE /* myicon2@2x.png in Resources */,
				B773CC82202FDDBE00A22FAE /* myicon@2x.png in Resources */,
				B702D23620066CF5006DF256 /* AddArticleVC.xib in Resources */,
				B773CC83202FDDBE00A22FAE /* myicon@3x.png in Resources */,
				B7FB6F261FFBACDE003A72F2 /* KIVHomeCVHeaderADCell.xib in Resources */,
				8F12F6011FC72EEC00D65E9A /* KIVLogMainCell.xib in Resources */,
				B7197DB1203E7404003E9DE5 /* AdviceViewController.xib in Resources */,
				B7FB6E931FF7F591003A72F2 /* DemoWebServerVC.xib in Resources */,
				8F12F5F81FC72BF800D65E9A /* KIVLogVC.xib in Resources */,
				8F39ED0A1FE6BF93003E2330 /* KIVHomeCVHeaderCell.xib in Resources */,
				B770E7C51FFFBD8A003D78F3 /* HistroyReadTVCell.xib in Resources */,
				B7FB6F301FFBB241003A72F2 /* KIVHomeCVUserCell.xib in Resources */,
				8F839A871FBDC4A30014B1C6 /* Main.storyboard in Resources */,
				8FC24F2B1FF145AA00250E4F /* kivMiddleItemCell.xib in Resources */,
				B73F4FFD2007A80B008891D8 /* UserInfoTVCell.xib in Resources */,
				B7C652AD20144388007271DE /* KIVFloatTVCell.xib in Resources */,
				B773CC87202FDE7F00A22FAE /* myicon2@3x.png in Resources */,
				B7DBFB3E20023F3200E49D2D /* UserInfoVC.xib in Resources */,
				B7197DAB203E6CB1003E9DE5 /* AboutViewController.xib in Resources */,
				8F39ED0F1FE6C5DD003E2330 /* KIVHomeCVMiddelCell.xib in Resources */,
			);
			runOnlyForDeploymentPostprocessing = 0;
		};
/* End PBXResourcesBuildPhase section */

/* Begin PBXShellScriptBuildPhase section */
		D17C4CA1B70E3D71F1574D4B /* [CP] Copy Pods Resources */ = {
			isa = PBXShellScriptBuildPhase;
			buildActionMask = 2147483647;
			files = (
			);
			inputPaths = (
			);
			name = "[CP] Copy Pods Resources";
			outputPaths = (
			);
			runOnlyForDeploymentPostprocessing = 0;
			shellPath = /bin/sh;
			shellScript = "\"${SRCROOT}/Pods/Target Support Files/Pods-Demolibrarys/Pods-Demolibrarys-resources.sh\"\n";
			showEnvVarsInLog = 0;
		};
		ED183CB9189B433C6B8FEEFA /* [CP] Embed Pods Frameworks */ = {
			isa = PBXShellScriptBuildPhase;
			buildActionMask = 2147483647;
			files = (
			);
			inputPaths = (
				"${SRCROOT}/Pods/Target Support Files/Pods-Demolibrarys/Pods-Demolibrarys-frameworks.sh",
				"${BUILT_PRODUCTS_DIR}/GCDWebServer/GCDWebServer.framework",
				"${BUILT_PRODUCTS_DIR}/JSONModel/JSONModel.framework",
				"${BUILT_PRODUCTS_DIR}/MBProgressHUD/MBProgressHUD.framework",
				"${BUILT_PRODUCTS_DIR}/MGJRouter/MGJRouter.framework",
				"${BUILT_PRODUCTS_DIR}/Masonry/Masonry.framework",
				"${BUILT_PRODUCTS_DIR}/ObjectiveGumbo/ObjectiveGumbo.framework",
				"${BUILT_PRODUCTS_DIR}/PureLayout/PureLayout.framework",
				"${BUILT_PRODUCTS_DIR}/Toast/Toast.framework",
				"${BUILT_PRODUCTS_DIR}/XXRouter/XXRouter.framework",
			);
			name = "[CP] Embed Pods Frameworks";
			outputPaths = (
				"${TARGET_BUILD_DIR}/${FRAMEWORKS_FOLDER_PATH}/GCDWebServer.framework",
				"${TARGET_BUILD_DIR}/${FRAMEWORKS_FOLDER_PATH}/JSONModel.framework",
				"${TARGET_BUILD_DIR}/${FRAMEWORKS_FOLDER_PATH}/MBProgressHUD.framework",
				"${TARGET_BUILD_DIR}/${FRAMEWORKS_FOLDER_PATH}/MGJRouter.framework",
				"${TARGET_BUILD_DIR}/${FRAMEWORKS_FOLDER_PATH}/Masonry.framework",
				"${TARGET_BUILD_DIR}/${FRAMEWORKS_FOLDER_PATH}/ObjectiveGumbo.framework",
				"${TARGET_BUILD_DIR}/${FRAMEWORKS_FOLDER_PATH}/PureLayout.framework",
				"${TARGET_BUILD_DIR}/${FRAMEWORKS_FOLDER_PATH}/Toast.framework",
				"${TARGET_BUILD_DIR}/${FRAMEWORKS_FOLDER_PATH}/XXRouter.framework",
			);
			runOnlyForDeploymentPostprocessing = 0;
			shellPath = /bin/sh;
			shellScript = "\"${SRCROOT}/Pods/Target Support Files/Pods-Demolibrarys/Pods-Demolibrarys-frameworks.sh\"\n";
			showEnvVarsInLog = 0;
		};
		F84EC692C3BFFBD77C8E7FCC /* [CP] Check Pods Manifest.lock */ = {
			isa = PBXShellScriptBuildPhase;
			buildActionMask = 2147483647;
			files = (
			);
			inputPaths = (
				"${PODS_PODFILE_DIR_PATH}/Podfile.lock",
				"${PODS_ROOT}/Manifest.lock",
			);
			name = "[CP] Check Pods Manifest.lock";
			outputPaths = (
				"$(DERIVED_FILE_DIR)/Pods-Demolibrarys-checkManifestLockResult.txt",
			);
			runOnlyForDeploymentPostprocessing = 0;
			shellPath = /bin/sh;
			shellScript = "diff \"${PODS_PODFILE_DIR_PATH}/Podfile.lock\" \"${PODS_ROOT}/Manifest.lock\" > /dev/null\nif [ $? != 0 ] ; then\n    # print error to STDERR\n    echo \"error: The sandbox is not in sync with the Podfile.lock. Run 'pod install' or update your CocoaPods installation.\" >&2\n    exit 1\nfi\n# This output is used by Xcode 'outputs' to avoid re-running this script phase.\necho \"SUCCESS\" > \"${SCRIPT_OUTPUT_FILE_0}\"\n";
			showEnvVarsInLog = 0;
		};
/* End PBXShellScriptBuildPhase section */

/* Begin PBXSourcesBuildPhase section */
		8F839A781FBDC4A30014B1C6 /* Sources */ = {
			isa = PBXSourcesBuildPhase;
			buildActionMask = 2147483647;
			files = (
				B7FB6F1E1FFBA67B003A72F2 /* KIVSearchHeaderView.m in Sources */,
				8F12F5F71FC72BF800D65E9A /* KIVLogVC.m in Sources */,
				8FA8B0DC1FE02FDF009C52C9 /* FolderListItem.m in Sources */,
				B7C652B82014CAF9007271DE /* KIVCollectionViewProtocol+ScrollViewHandle.m in Sources */,
				8F8E6E0B1FE6B81600E656DF /* ViewController+CollectionViewDataSourceDelegate.m in Sources */,
				B7C6529420138FFC007271DE /* KIVFloatViewPC.m in Sources */,
				B7197DB0203E7404003E9DE5 /* AdviceViewController.m in Sources */,
				8F8E6DFD1FE5825800E656DF /* KIVLogVC+DataHandle.m in Sources */,
				B770E7C41FFFBD8A003D78F3 /* HistroyReadTVCell.m in Sources */,
				B73F4FF32007A3AF008891D8 /* UserInfoPC.m in Sources */,
				8FA8B1C01FE40C14009C52C9 /* DataParser.m in Sources */,
				8FF0E4261FC84AD600A89C3D /* KIVTogetherTouchRecogizer.m in Sources */,
				8F810F9B1FDD8B77004D1BA8 /* DemoLogVO.m in Sources */,
				B7FB6F1A1FFBA474003A72F2 /* UserInfoVC.m in Sources */,
				8F39ED091FE6BF93003E2330 /* KIVHomeCVHeaderCell.m in Sources */,
				B702D23520066CF5006DF256 /* AddArticleVC.m in Sources */,
				B7FB6F2A1FFBADAC003A72F2 /* KIVHomeCVReadHistoryCell.m in Sources */,
				B7C652B52014C114007271DE /* ViewController+ScrolleHandle.m in Sources */,
				8FA8B24C1FE512F8009C52C9 /* DataParser+ObjectiveGumbo.m in Sources */,
				8FF0E4291FC85C6B00A89C3D /* UIView+screenShot.m in Sources */,
				8F12F6001FC72EEC00D65E9A /* KIVLogMainCell.m in Sources */,
				8F839A8F1FBDC4A30014B1C6 /* main.m in Sources */,
				8FA8B0D91FE02FC2009C52C9 /* ArticleListItem.m in Sources */,
				8F39ED0E1FE6C5DD003E2330 /* KIVHomeCVMiddelCell.m in Sources */,
				B7FB6F251FFBACDE003A72F2 /* KIVHomeCVHeaderADCell.m in Sources */,
				B7C6529B2013971C007271DE /* UIColor+KIVBaseColor.m in Sources */,
				8F8E6E011FE6AAD900E656DF /* ViewController.m in Sources */,
				B7FB6E941FF7F591003A72F2 /* DemoWebServerVC.m in Sources */,
				B73F4FFC2007A80B008891D8 /* UserInfoTVCell.m in Sources */,
				8F8E6DF81FE570C100E656DF /* ElementInfo.m in Sources */,
				8F839A811FBDC4A30014B1C6 /* AppDelegate.m in Sources */,
				B7C652AC20144388007271DE /* KIVFloatTVCell.m in Sources */,
				8FC24F261FF12AFB00250E4F /* ViewController+CellDelegate.m in Sources */,
				B7197DAA203E6CB1003E9DE5 /* AboutViewController.m in Sources */,
				B7FB6F2F1FFBB241003A72F2 /* KIVHomeCVUserCell.m in Sources */,
				8FC24F2A1FF145AA00250E4F /* kivMiddleItemCell.m in Sources */,
				B7C6529E2013972C007271DE /* UIFont+KIVBaseFont.m in Sources */,
				B7C6529120138FD5007271DE /* KIVFloatViewController.m in Sources */,
				8F810F9E1FDD96A6004D1BA8 /* KIVLogVC+ResponeData.m in Sources */,
			);
			runOnlyForDeploymentPostprocessing = 0;
		};
/* End PBXSourcesBuildPhase section */

/* Begin PBXVariantGroup section */
		8F839A851FBDC4A30014B1C6 /* Main.storyboard */ = {
			isa = PBXVariantGroup;
			children = (
				8F839A861FBDC4A30014B1C6 /* Base */,
			);
			name = Main.storyboard;
			sourceTree = "<group>";
		};
		8F839A8A1FBDC4A30014B1C6 /* LaunchScreen.storyboard */ = {
			isa = PBXVariantGroup;
			children = (
				8F839A8B1FBDC4A30014B1C6 /* Base */,
			);
			name = LaunchScreen.storyboard;
			sourceTree = "<group>";
		};
/* End PBXVariantGroup section */

/* Begin XCBuildConfiguration section */
		8F839A901FBDC4A30014B1C6 /* Debug */ = {
			isa = XCBuildConfiguration;
			buildSettings = {
				ALWAYS_SEARCH_USER_PATHS = NO;
				CLANG_ANALYZER_NONNULL = YES;
				CLANG_ANALYZER_NUMBER_OBJECT_CONVERSION = YES_AGGRESSIVE;
				CLANG_CXX_LANGUAGE_STANDARD = "gnu++14";
				CLANG_CXX_LIBRARY = "libc++";
				CLANG_ENABLE_MODULES = YES;
				CLANG_ENABLE_OBJC_ARC = YES;
				CLANG_WARN_BLOCK_CAPTURE_AUTORELEASING = YES;
				CLANG_WARN_BOOL_CONVERSION = YES;
				CLANG_WARN_COMMA = YES;
				CLANG_WARN_CONSTANT_CONVERSION = YES;
				CLANG_WARN_DIRECT_OBJC_ISA_USAGE = YES_ERROR;
				CLANG_WARN_DOCUMENTATION_COMMENTS = YES;
				CLANG_WARN_EMPTY_BODY = YES;
				CLANG_WARN_ENUM_CONVERSION = YES;
				CLANG_WARN_INFINITE_RECURSION = YES;
				CLANG_WARN_INT_CONVERSION = YES;
				CLANG_WARN_NON_LITERAL_NULL_CONVERSION = YES;
				CLANG_WARN_OBJC_LITERAL_CONVERSION = YES;
				CLANG_WARN_OBJC_ROOT_CLASS = YES_ERROR;
				CLANG_WARN_RANGE_LOOP_ANALYSIS = YES;
				CLANG_WARN_STRICT_PROTOTYPES = YES;
				CLANG_WARN_SUSPICIOUS_MOVE = YES;
				CLANG_WARN_UNGUARDED_AVAILABILITY = YES_AGGRESSIVE;
				CLANG_WARN_UNREACHABLE_CODE = YES;
				CLANG_WARN__DUPLICATE_METHOD_MATCH = YES;
				CODE_SIGN_IDENTITY = "iPhone Developer";
				COPY_PHASE_STRIP = NO;
				DEBUG_INFORMATION_FORMAT = dwarf;
				ENABLE_STRICT_OBJC_MSGSEND = YES;
				ENABLE_TESTABILITY = YES;
				GCC_C_LANGUAGE_STANDARD = gnu11;
				GCC_DYNAMIC_NO_PIC = NO;
				GCC_NO_COMMON_BLOCKS = YES;
				GCC_OPTIMIZATION_LEVEL = 0;
				GCC_PREPROCESSOR_DEFINITIONS = (
					"DEBUG=1",
					"$(inherited)",
				);
				GCC_WARN_64_TO_32_BIT_CONVERSION = YES;
				GCC_WARN_ABOUT_RETURN_TYPE = YES_ERROR;
				GCC_WARN_UNDECLARED_SELECTOR = YES;
				GCC_WARN_UNINITIALIZED_AUTOS = YES_AGGRESSIVE;
				GCC_WARN_UNUSED_FUNCTION = YES;
				GCC_WARN_UNUSED_VARIABLE = YES;
				IPHONEOS_DEPLOYMENT_TARGET = 11.1;
				MTL_ENABLE_DEBUG_INFO = YES;
				ONLY_ACTIVE_ARCH = YES;
				SDKROOT = iphoneos;
			};
			name = Debug;
		};
		8F839A911FBDC4A30014B1C6 /* Release */ = {
			isa = XCBuildConfiguration;
			buildSettings = {
				ALWAYS_SEARCH_USER_PATHS = NO;
				CLANG_ANALYZER_NONNULL = YES;
				CLANG_ANALYZER_NUMBER_OBJECT_CONVERSION = YES_AGGRESSIVE;
				CLANG_CXX_LANGUAGE_STANDARD = "gnu++14";
				CLANG_CXX_LIBRARY = "libc++";
				CLANG_ENABLE_MODULES = YES;
				CLANG_ENABLE_OBJC_ARC = YES;
				CLANG_WARN_BLOCK_CAPTURE_AUTORELEASING = YES;
				CLANG_WARN_BOOL_CONVERSION = YES;
				CLANG_WARN_COMMA = YES;
				CLANG_WARN_CONSTANT_CONVERSION = YES;
				CLANG_WARN_DIRECT_OBJC_ISA_USAGE = YES_ERROR;
				CLANG_WARN_DOCUMENTATION_COMMENTS = YES;
				CLANG_WARN_EMPTY_BODY = YES;
				CLANG_WARN_ENUM_CONVERSION = YES;
				CLANG_WARN_INFINITE_RECURSION = YES;
				CLANG_WARN_INT_CONVERSION = YES;
				CLANG_WARN_NON_LITERAL_NULL_CONVERSION = YES;
				CLANG_WARN_OBJC_LITERAL_CONVERSION = YES;
				CLANG_WARN_OBJC_ROOT_CLASS = YES_ERROR;
				CLANG_WARN_RANGE_LOOP_ANALYSIS = YES;
				CLANG_WARN_STRICT_PROTOTYPES = YES;
				CLANG_WARN_SUSPICIOUS_MOVE = YES;
				CLANG_WARN_UNGUARDED_AVAILABILITY = YES_AGGRESSIVE;
				CLANG_WARN_UNREACHABLE_CODE = YES;
				CLANG_WARN__DUPLICATE_METHOD_MATCH = YES;
				CODE_SIGN_IDENTITY = "iPhone Developer";
				COPY_PHASE_STRIP = NO;
				DEBUG_INFORMATION_FORMAT = "dwarf-with-dsym";
				ENABLE_NS_ASSERTIONS = NO;
				ENABLE_STRICT_OBJC_MSGSEND = YES;
				GCC_C_LANGUAGE_STANDARD = gnu11;
				GCC_NO_COMMON_BLOCKS = YES;
				GCC_WARN_64_TO_32_BIT_CONVERSION = YES;
				GCC_WARN_ABOUT_RETURN_TYPE = YES_ERROR;
				GCC_WARN_UNDECLARED_SELECTOR = YES;
				GCC_WARN_UNINITIALIZED_AUTOS = YES_AGGRESSIVE;
				GCC_WARN_UNUSED_FUNCTION = YES;
				GCC_WARN_UNUSED_VARIABLE = YES;
				IPHONEOS_DEPLOYMENT_TARGET = 11.1;
				MTL_ENABLE_DEBUG_INFO = NO;
				SDKROOT = iphoneos;
				VALIDATE_PRODUCT = YES;
			};
			name = Release;
		};
		8F839A931FBDC4A30014B1C6 /* Debug */ = {
			isa = XCBuildConfiguration;
			baseConfigurationReference = 4039A49D9B94F269B3A702EA /* Pods-Demolibrarys.debug.xcconfig */;
			buildSettings = {
				ASSETCATALOG_COMPILER_APPICON_NAME = AppIcon;
				CODE_SIGN_ENTITLEMENTS = Demolibrarys/Demolibrarys.entitlements;
				"CODE_SIGN_IDENTITY[sdk=iphoneos*]" = "iPhone Distribution";
				CODE_SIGN_STYLE = Manual;
				DEVELOPMENT_TEAM = WTFJP34N3T;
				FRAMEWORK_SEARCH_PATHS = "$(inherited)";
				GCC_PREFIX_HEADER = "$(SRCROOT)/Demolibrarys/PrefixHeader.pch";
				HEADER_SEARCH_PATHS = (
					"$(inherited)",
					"\"${PODS_ROOT}/Headers/Public\"",
					"\"${PODS_ROOT}/Headers/Public/PureLayout\"",
					"$(SRCROOT)/Demo_modules/Demo_Network/Demo_Network",
					"$(SRCROOT)/Demo_modules/Demo_Tools/Demo_Tools",
					"$(SRCROOT)/Demo_modules/Demo_XMLParser/Demo_XMLParser",
					"$(SRCROOT)/Demo_modules/KIVDispatchCenter/KIVDispatchCenter/**",
					"$(SRCROOT)/Demo_modules/KIVBrowserKit/KIVBrowserKit",
					"$(SRCROOT)/Demo_modules/KIVCommon/KIVCommon",
					"$(SRCROOT)/Demo_modules/KIVListKit/KIVListKit/**",
				);
				INFOPLIST_FILE = Demolibrarys/Info.plist;
				IPHONEOS_DEPLOYMENT_TARGET = 11.0;
				LD_RUNPATH_SEARCH_PATHS = "$(inherited) @executable_path/Frameworks";
				LIBRARY_SEARCH_PATHS = (
					"$(inherited)",
					"\"$PODS_CONFIGURATION_BUILD_DIR/GCDWebServer\"",
					"\"$PODS_CONFIGURATION_BUILD_DIR/JSONModel\"",
					"\"$PODS_CONFIGURATION_BUILD_DIR/MBProgressHUD\"",
					"\"$PODS_CONFIGURATION_BUILD_DIR/MGJRouter\"",
					"\"$PODS_CONFIGURATION_BUILD_DIR/Masonry\"",
					"\"$PODS_CONFIGURATION_BUILD_DIR/ObjectiveGumbo\"",
					"\"$PODS_CONFIGURATION_BUILD_DIR/PureLayout\"",
					"\"$PODS_CONFIGURATION_BUILD_DIR/Toast\"",
					"\"$PODS_CONFIGURATION_BUILD_DIR/XXRouter\"",
					"$(SRCROOT)/Demo_modules/KIVDispatchCenter",
					"$(SRCROOT)/Demo_modules/KIVBrowserKit",
					"$(SRCROOT)/Demo_modules/KIVListKit",
				);
				OTHER_LDFLAGS = (
					"$(inherited)",
					"-ObjC",
					"-l\"GCDWebServer\"",
					"-l\"JSONModel\"",
					"-l\"MBProgressHUD\"",
					"-l\"MGJRouter\"",
					"-l\"Masonry\"",
					"-l\"ObjectiveGumbo\"",
					"-l\"PureLayout\"",
					"-l\"Toast\"",
					"-l\"XXRouter\"",
					"-l\"z\"",
					"-framework",
					"\"CFNetwork\"",
					"-framework",
					"\"CoreGraphics\"",
					"-framework",
					"\"Foundation\"",
					"-framework",
					"\"MobileCoreServices\"",
					"-framework",
					"\"QuartzCore\"",
					"-framework",
					"\"UIKit\"",
				);
				PRIVATE_HEADERS_FOLDER_PATH = /usr/local/include;
				PRODUCT_BUNDLE_IDENTIFIER = kivan.myLogList.com;
				PRODUCT_NAME = "$(TARGET_NAME)";
				PROVISIONING_PROFILE = "c5b39458-9c0e-4095-9558-4b3d6ef4f1ac";
				PROVISIONING_PROFILE_SPECIFIER = myLogList_product;
				PUBLIC_HEADERS_FOLDER_PATH = /usr/local/include;
				TARGETED_DEVICE_FAMILY = "1,2";
			};
			name = Debug;
		};
		8F839A941FBDC4A30014B1C6 /* Release */ = {
			isa = XCBuildConfiguration;
			baseConfigurationReference = 94E298A6932E8E91D18B4B8B /* Pods-Demolibrarys.release.xcconfig */;
			buildSettings = {
				ASSETCATALOG_COMPILER_APPICON_NAME = AppIcon;
				CODE_SIGN_ENTITLEMENTS = Demolibrarys/Demolibrarys.entitlements;
				"CODE_SIGN_IDENTITY[sdk=iphoneos*]" = "iPhone Distribution";
				CODE_SIGN_STYLE = Manual;
				DEVELOPMENT_TEAM = WTFJP34N3T;
				FRAMEWORK_SEARCH_PATHS = "$(inherited)";
				GCC_PREFIX_HEADER = "$(SRCROOT)/Demolibrarys/PrefixHeader.pch";
				HEADER_SEARCH_PATHS = (
					"$(inherited)",
					"\"${PODS_ROOT}/Headers/Public\"",
					"\"${PODS_ROOT}/Headers/Public/PureLayout\"",
					"$(SRCROOT)/Demo_modules/Demo_Network/Demo_Network",
					"$(SRCROOT)/Demo_modules/Demo_Tools/Demo_Tools",
					"$(SRCROOT)/Demo_modules/Demo_XMLParser/Demo_XMLParser",
					"$(SRCROOT)/Demo_modules/KIVDispatchCenter/KIVDispatchCenter/**",
					"$(SRCROOT)/Demo_modules/KIVBrowserKit/KIVBrowserKit",
					"$(SRCROOT)/Demo_modules/KIVCommon/KIVCommon",
					"$(SRCROOT)/Demo_modules/KIVListKit/KIVListKit/**",
				);
				INFOPLIST_FILE = Demolibrarys/Info.plist;
				IPHONEOS_DEPLOYMENT_TARGET = 11.0;
				LD_RUNPATH_SEARCH_PATHS = "$(inherited) @executable_path/Frameworks";
				LIBRARY_SEARCH_PATHS = (
					"$(inherited)",
					"\"$PODS_CONFIGURATION_BUILD_DIR/GCDWebServer\"",
					"\"$PODS_CONFIGURATION_BUILD_DIR/JSONModel\"",
					"\"$PODS_CONFIGURATION_BUILD_DIR/MBProgressHUD\"",
					"\"$PODS_CONFIGURATION_BUILD_DIR/MGJRouter\"",
					"\"$PODS_CONFIGURATION_BUILD_DIR/Masonry\"",
					"\"$PODS_CONFIGURATION_BUILD_DIR/ObjectiveGumbo\"",
					"\"$PODS_CONFIGURATION_BUILD_DIR/PureLayout\"",
					"\"$PODS_CONFIGURATION_BUILD_DIR/Toast\"",
					"\"$PODS_CONFIGURATION_BUILD_DIR/XXRouter\"",
					"$(SRCROOT)/Demo_modules/KIVDispatchCenter",
					"$(SRCROOT)/Demo_modules/KIVBrowserKit",
					"$(SRCROOT)/Demo_modules/KIVListKit",
				);
				OTHER_LDFLAGS = (
					"$(inherited)",
					"-ObjC",
					"-l\"GCDWebServer\"",
					"-l\"JSONModel\"",
					"-l\"MBProgressHUD\"",
					"-l\"MGJRouter\"",
					"-l\"Masonry\"",
					"-l\"ObjectiveGumbo\"",
					"-l\"PureLayout\"",
					"-l\"Toast\"",
					"-l\"XXRouter\"",
					"-l\"z\"",
					"-framework",
					"\"CFNetwork\"",
					"-framework",
					"\"CoreGraphics\"",
					"-framework",
					"\"Foundation\"",
					"-framework",
					"\"MobileCoreServices\"",
					"-framework",
					"\"QuartzCore\"",
					"-framework",
					"\"UIKit\"",
				);
				PRIVATE_HEADERS_FOLDER_PATH = /usr/local/include;
				PRODUCT_BUNDLE_IDENTIFIER = kivan.myLogList.com;
				PRODUCT_NAME = "$(TARGET_NAME)";
				PROVISIONING_PROFILE = "c5b39458-9c0e-4095-9558-4b3d6ef4f1ac";
				PROVISIONING_PROFILE_SPECIFIER = myLogList_product;
				PUBLIC_HEADERS_FOLDER_PATH = /usr/local/include;
				TARGETED_DEVICE_FAMILY = "1,2";
			};
			name = Release;
		};
/* End XCBuildConfiguration section */

/* Begin XCConfigurationList section */
		8F839A771FBDC4A30014B1C6 /* Build configuration list for PBXProject "Demolibrarys" */ = {
			isa = XCConfigurationList;
			buildConfigurations = (
				8F839A901FBDC4A30014B1C6 /* Debug */,
				8F839A911FBDC4A30014B1C6 /* Release */,
			);
			defaultConfigurationIsVisible = 0;
			defaultConfigurationName = Release;
		};
		8F839A921FBDC4A30014B1C6 /* Build configuration list for PBXNativeTarget "Demolibrarys" */ = {
			isa = XCConfigurationList;
			buildConfigurations = (
				8F839A931FBDC4A30014B1C6 /* Debug */,
				8F839A941FBDC4A30014B1C6 /* Release */,
			);
			defaultConfigurationIsVisible = 0;
			defaultConfigurationName = Release;
		};
/* End XCConfigurationList section */
	};
	rootObject = 8F839A741FBDC4A30014B1C6 /* Project object */;
}
